// !$*UTF8*$!
{
	archiveVersion = 1;
	classes = {
	};
	objectVersion = 46;
	objects = {

/* Begin PBXBuildFile section */
		B94188C41783D33F00C2DCD1 /* ALPodcastStore.m in Sources */ = {isa = PBXBuildFile; fileRef = B94188C31783D33F00C2DCD1 /* ALPodcastStore.m */; };
		B94188D01783D75200C2DCD1 /* ALFeedItem+Additions.m in Sources */ = {isa = PBXBuildFile; fileRef = B94188CF1783D75200C2DCD1 /* ALFeedItem+Additions.m */; };
		B94188D81783DA3F00C2DCD1 /* CoreData.framework in Frameworks */ = {isa = PBXBuildFile; fileRef = B94188D71783DA3F00C2DCD1 /* CoreData.framework */; };
		B94188DE178401FC00C2DCD1 /* ALFeedInfo.m in Sources */ = {isa = PBXBuildFile; fileRef = B94188DD178401FC00C2DCD1 /* ALFeedInfo.m */; };
		B9A1A51117BA105F003A12AE /* ALDownloadButton.m in Sources */ = {isa = PBXBuildFile; fileRef = B9A1A51017BA105F003A12AE /* ALDownloadButton.m */; };
		B9A1A51417BA3013003A12AE /* ALFeedItem.m in Sources */ = {isa = PBXBuildFile; fileRef = B9A1A51317BA3013003A12AE /* ALFeedItem.m */; };
		B9C757EC177D46170000004E /* AlLiveBlurView.m in Sources */ = {isa = PBXBuildFile; fileRef = B9C757EB177D46170000004E /* AlLiveBlurView.m */; };
		B9C757EF177D87AF0000004E /* ALPodcastItemCell.m in Sources */ = {isa = PBXBuildFile; fileRef = B9C757EE177D87AF0000004E /* ALPodcastItemCell.m */; };
		B9C757F2177D89CD0000004E /* ALDynamicCollectionViewFlowLayout.m in Sources */ = {isa = PBXBuildFile; fileRef = B9C757F1177D89CD0000004E /* ALDynamicCollectionViewFlowLayout.m */; };
		B9D16030177C0B9A00FE0061 /* Foundation.framework in Frameworks */ = {isa = PBXBuildFile; fileRef = B9D1602F177C0B9A00FE0061 /* Foundation.framework */; };
		B9D16032177C0B9A00FE0061 /* CoreGraphics.framework in Frameworks */ = {isa = PBXBuildFile; fileRef = B9D16031177C0B9A00FE0061 /* CoreGraphics.framework */; };
		B9D16034177C0B9A00FE0061 /* UIKit.framework in Frameworks */ = {isa = PBXBuildFile; fileRef = B9D16033177C0B9A00FE0061 /* UIKit.framework */; };
		B9D1603A177C0B9A00FE0061 /* InfoPlist.strings in Resources */ = {isa = PBXBuildFile; fileRef = B9D16038177C0B9A00FE0061 /* InfoPlist.strings */; };
		B9D1603C177C0B9A00FE0061 /* main.m in Sources */ = {isa = PBXBuildFile; fileRef = B9D1603B177C0B9A00FE0061 /* main.m */; };
		B9D16040177C0B9A00FE0061 /* AppDelegate.m in Sources */ = {isa = PBXBuildFile; fileRef = B9D1603F177C0B9A00FE0061 /* AppDelegate.m */; };
		B9D16043177C0B9A00FE0061 /* Main.storyboard in Resources */ = {isa = PBXBuildFile; fileRef = B9D16041177C0B9A00FE0061 /* Main.storyboard */; };
		B9D16048177C0B9A00FE0061 /* Images.xcassets in Resources */ = {isa = PBXBuildFile; fileRef = B9D16047177C0B9A00FE0061 /* Images.xcassets */; };
		B9D1604F177C0B9A00FE0061 /* XCTest.framework in Frameworks */ = {isa = PBXBuildFile; fileRef = B9D1604E177C0B9A00FE0061 /* XCTest.framework */; };
		B9D16050177C0B9A00FE0061 /* Foundation.framework in Frameworks */ = {isa = PBXBuildFile; fileRef = B9D1602F177C0B9A00FE0061 /* Foundation.framework */; };
		B9D16051177C0B9A00FE0061 /* UIKit.framework in Frameworks */ = {isa = PBXBuildFile; fileRef = B9D16033177C0B9A00FE0061 /* UIKit.framework */; };
		B9D16059177C0B9A00FE0061 /* InfoPlist.strings in Resources */ = {isa = PBXBuildFile; fileRef = B9D16057177C0B9A00FE0061 /* InfoPlist.strings */; };
		B9D1605B177C0B9A00FE0061 /* PodcastTests.m in Sources */ = {isa = PBXBuildFile; fileRef = B9D1605A177C0B9A00FE0061 /* PodcastTests.m */; };
		B9D1606D177C106E00FE0061 /* QuartzCore.framework in Frameworks */ = {isa = PBXBuildFile; fileRef = B9D1606C177C106E00FE0061 /* QuartzCore.framework */; };
		B9D1606F177C107B00FE0061 /* SystemConfiguration.framework in Frameworks */ = {isa = PBXBuildFile; fileRef = B9D1606E177C107B00FE0061 /* SystemConfiguration.framework */; };
		B9D16071177C108200FE0061 /* MobileCoreServices.framework in Frameworks */ = {isa = PBXBuildFile; fileRef = B9D16070177C108200FE0061 /* MobileCoreServices.framework */; };
		B9D160A5177C10D900FE0061 /* NIActions.m in Sources */ = {isa = PBXBuildFile; fileRef = B9D16073177C10D900FE0061 /* NIActions.m */; };
		B9D160A6177C10D900FE0061 /* NIButtonUtilities.m in Sources */ = {isa = PBXBuildFile; fileRef = B9D16076177C10D900FE0061 /* NIButtonUtilities.m */; };
		B9D160A7177C10D900FE0061 /* NICommonMetrics.m in Sources */ = {isa = PBXBuildFile; fileRef = B9D16078177C10D900FE0061 /* NICommonMetrics.m */; };
		B9D160A8177C10D900FE0061 /* NIDataStructures.m in Sources */ = {isa = PBXBuildFile; fileRef = B9D1607A177C10D900FE0061 /* NIDataStructures.m */; };
		B9D160A9177C10D900FE0061 /* NIDebuggingTools.m in Sources */ = {isa = PBXBuildFile; fileRef = B9D1607C177C10D900FE0061 /* NIDebuggingTools.m */; };
		B9D160AA177C10D900FE0061 /* NIDeviceOrientation.m in Sources */ = {isa = PBXBuildFile; fileRef = B9D1607E177C10D900FE0061 /* NIDeviceOrientation.m */; };
		B9D160AB177C10D900FE0061 /* NIError.m in Sources */ = {isa = PBXBuildFile; fileRef = B9D16080177C10D900FE0061 /* NIError.m */; };
		B9D160AC177C10D900FE0061 /* NIFoundationMethods.m in Sources */ = {isa = PBXBuildFile; fileRef = B9D16082177C10D900FE0061 /* NIFoundationMethods.m */; };
		B9D160AD177C10D900FE0061 /* NIImageUtilities.m in Sources */ = {isa = PBXBuildFile; fileRef = B9D16084177C10D900FE0061 /* NIImageUtilities.m */; };
		B9D160AE177C10D900FE0061 /* NIInMemoryCache.m in Sources */ = {isa = PBXBuildFile; fileRef = B9D16086177C10D900FE0061 /* NIInMemoryCache.m */; };
		B9D160AF177C10D900FE0061 /* NIInvocationMethods.m in Sources */ = {isa = PBXBuildFile; fileRef = B9D16088177C10D900FE0061 /* NIInvocationMethods.m */; };
		B9D160B0177C10D900FE0061 /* NINavigationAppearance.m in Sources */ = {isa = PBXBuildFile; fileRef = B9D1608C177C10D900FE0061 /* NINavigationAppearance.m */; };
		B9D160B1177C10D900FE0061 /* NINetworkActivity.m in Sources */ = {isa = PBXBuildFile; fileRef = B9D1608E177C10D900FE0061 /* NINetworkActivity.m */; };
		B9D160B2177C10D900FE0061 /* NINonEmptyCollectionTesting.m in Sources */ = {isa = PBXBuildFile; fileRef = B9D16090177C10D900FE0061 /* NINonEmptyCollectionTesting.m */; };
		B9D160B3177C10D900FE0061 /* NINonRetainingCollections.m in Sources */ = {isa = PBXBuildFile; fileRef = B9D16092177C10D900FE0061 /* NINonRetainingCollections.m */; };
		B9D160B4177C10D900FE0061 /* NIOperations.m in Sources */ = {isa = PBXBuildFile; fileRef = B9D16094177C10D900FE0061 /* NIOperations.m */; };
		B9D160B5177C10D900FE0061 /* NIPaths.m in Sources */ = {isa = PBXBuildFile; fileRef = B9D16097177C10D900FE0061 /* NIPaths.m */; };
		B9D160B6177C10D900FE0061 /* NIRuntimeClassModifications.m in Sources */ = {isa = PBXBuildFile; fileRef = B9D1609A177C10D900FE0061 /* NIRuntimeClassModifications.m */; };
		B9D160B7177C10D900FE0061 /* NISDKAvailability.m in Sources */ = {isa = PBXBuildFile; fileRef = B9D1609C177C10D900FE0061 /* NISDKAvailability.m */; };
		B9D160B8177C10D900FE0061 /* NISnapshotRotation.m in Sources */ = {isa = PBXBuildFile; fileRef = B9D1609E177C10D900FE0061 /* NISnapshotRotation.m */; };
		B9D160B9177C10D900FE0061 /* NIState.m in Sources */ = {isa = PBXBuildFile; fileRef = B9D160A0177C10D900FE0061 /* NIState.m */; };
		B9D160BA177C10D900FE0061 /* NIViewRecycler.m in Sources */ = {isa = PBXBuildFile; fileRef = B9D160A2177C10D900FE0061 /* NIViewRecycler.m */; };
		B9D160BB177C10D900FE0061 /* NSString+NimbusCore.m in Sources */ = {isa = PBXBuildFile; fileRef = B9D160A4177C10D900FE0061 /* NSString+NimbusCore.m */; };
		B9D160C1177C10EF00FE0061 /* NIImageProcessing.m in Sources */ = {isa = PBXBuildFile; fileRef = B9D160BD177C10EF00FE0061 /* NIImageProcessing.m */; };
		B9D160C2177C10EF00FE0061 /* NINetworkImageView.m in Sources */ = {isa = PBXBuildFile; fileRef = B9D160C0177C10EF00FE0061 /* NINetworkImageView.m */; };
		B9D160D6177C10FF00FE0061 /* AFHTTPClient.m in Sources */ = {isa = PBXBuildFile; fileRef = B9D160C4177C10FF00FE0061 /* AFHTTPClient.m */; };
		B9D160D7177C10FF00FE0061 /* AFHTTPRequestOperation.m in Sources */ = {isa = PBXBuildFile; fileRef = B9D160C6177C10FF00FE0061 /* AFHTTPRequestOperation.m */; };
		B9D160D8177C10FF00FE0061 /* AFImageRequestOperation.m in Sources */ = {isa = PBXBuildFile; fileRef = B9D160C8177C10FF00FE0061 /* AFImageRequestOperation.m */; };
		B9D160D9177C10FF00FE0061 /* AFJSONRequestOperation.m in Sources */ = {isa = PBXBuildFile; fileRef = B9D160CA177C10FF00FE0061 /* AFJSONRequestOperation.m */; };
		B9D160DA177C10FF00FE0061 /* AFNetworkActivityIndicatorManager.m in Sources */ = {isa = PBXBuildFile; fileRef = B9D160CC177C10FF00FE0061 /* AFNetworkActivityIndicatorManager.m */; };
		B9D160DB177C10FF00FE0061 /* AFPropertyListRequestOperation.m in Sources */ = {isa = PBXBuildFile; fileRef = B9D160CF177C10FF00FE0061 /* AFPropertyListRequestOperation.m */; };
		B9D160DC177C10FF00FE0061 /* AFURLConnectionOperation.m in Sources */ = {isa = PBXBuildFile; fileRef = B9D160D1177C10FF00FE0061 /* AFURLConnectionOperation.m */; };
		B9D160DD177C10FF00FE0061 /* AFXMLRequestOperation.m in Sources */ = {isa = PBXBuildFile; fileRef = B9D160D3177C10FF00FE0061 /* AFXMLRequestOperation.m */; };
		B9D160DE177C10FF00FE0061 /* UIImageView+AFNetworking.m in Sources */ = {isa = PBXBuildFile; fileRef = B9D160D5177C10FF00FE0061 /* UIImageView+AFNetworking.m */; };
		B9D160E6177C125900FE0061 /* IISideController.m in Sources */ = {isa = PBXBuildFile; fileRef = B9D160E1177C125900FE0061 /* IISideController.m */; };
		B9D160E7177C125900FE0061 /* IIViewDeckController.m in Sources */ = {isa = PBXBuildFile; fileRef = B9D160E3177C125900FE0061 /* IIViewDeckController.m */; };
		B9D160E8177C125900FE0061 /* IIWrapController.m in Sources */ = {isa = PBXBuildFile; fileRef = B9D160E5177C125900FE0061 /* IIWrapController.m */; };
		B9D160EB177C12A500FE0061 /* ALMenuViewController.m in Sources */ = {isa = PBXBuildFile; fileRef = B9D160EA177C12A500FE0061 /* ALMenuViewController.m */; };
		B9D160F1177C13C100FE0061 /* ALStoryboard.m in Sources */ = {isa = PBXBuildFile; fileRef = B9D160F0177C13C100FE0061 /* ALStoryboard.m */; };
		B9D160F4177C15CE00FE0061 /* ALMenuCell.m in Sources */ = {isa = PBXBuildFile; fileRef = B9D160F3177C15CE00FE0061 /* ALMenuCell.m */; };
		B9D160F7177C17CB00FE0061 /* ALSettingViewController.m in Sources */ = {isa = PBXBuildFile; fileRef = B9D160F6177C17CB00FE0061 /* ALSettingViewController.m */; };
		B9D160FD177C1FA500FE0061 /* ALPodcastPlayerViewController.m in Sources */ = {isa = PBXBuildFile; fileRef = B9D160FC177C1FA500FE0061 /* ALPodcastPlayerViewController.m */; };
		B9D16103177C2AA400FE0061 /* ALPodcastPlayerView.m in Sources */ = {isa = PBXBuildFile; fileRef = B9D16102177C2AA400FE0061 /* ALPodcastPlayerView.m */; };
		B9D16105177C2AB400FE0061 /* ALPodcastPlayerView.xib in Resources */ = {isa = PBXBuildFile; fileRef = B9D16104177C2AB400FE0061 /* ALPodcastPlayerView.xib */; };
		B9D9E37C1782C0150099F5A8 /* UIColor+Additions.m in Sources */ = {isa = PBXBuildFile; fileRef = B9D9E3791782C0150099F5A8 /* UIColor+Additions.m */; };
		B9D9E37D1782C0150099F5A8 /* UIImage+Additions.m in Sources */ = {isa = PBXBuildFile; fileRef = B9D9E37B1782C0150099F5A8 /* UIImage+Additions.m */; };
		B9DD25EF17851CEA0044F07C /* NSString+Additions.m in Sources */ = {isa = PBXBuildFile; fileRef = B9DD25EE17851CEA0044F07C /* NSString+Additions.m */; };
		DB0132461780777E008445B2 /* ALUIScrollView.m in Sources */ = {isa = PBXBuildFile; fileRef = DB0132451780777E008445B2 /* ALUIScrollView.m */; };
		DB013249178081F0008445B2 /* ALPodcastPlayer.m in Sources */ = {isa = PBXBuildFile; fileRef = DB013248178081F0008445B2 /* ALPodcastPlayer.m */; };
		DB01324C17809AA3008445B2 /* ALSendFeedbackViewController.m in Sources */ = {isa = PBXBuildFile; fileRef = DB01324B17809AA3008445B2 /* ALSendFeedbackViewController.m */; };
		DB20826B177E8B5C001DC559 /* DOUAudioAnalyzer.m in Sources */ = {isa = PBXBuildFile; fileRef = DB208247177E8B5C001DC559 /* DOUAudioAnalyzer.m */; };
		DB20826C177E8B5C001DC559 /* DOUAudioAnalyzer+Default.m in Sources */ = {isa = PBXBuildFile; fileRef = DB208249177E8B5C001DC559 /* DOUAudioAnalyzer+Default.m */; };
		DB20826D177E8B5C001DC559 /* DOUAudioDecoder.m in Sources */ = {isa = PBXBuildFile; fileRef = DB20824C177E8B5C001DC559 /* DOUAudioDecoder.m */; };
		DB20826E177E8B5C001DC559 /* DOUAudioEventLoop.m in Sources */ = {isa = PBXBuildFile; fileRef = DB20824E177E8B5C001DC559 /* DOUAudioEventLoop.m */; };
		DB20826F177E8B5C001DC559 /* DOUAudioFilePreprocessor.m in Sources */ = {isa = PBXBuildFile; fileRef = DB208251177E8B5C001DC559 /* DOUAudioFilePreprocessor.m */; };
		DB208270177E8B5C001DC559 /* DOUAudioFileProvider.m in Sources */ = {isa = PBXBuildFile; fileRef = DB208253177E8B5C001DC559 /* DOUAudioFileProvider.m */; };
		DB208271177E8B5C001DC559 /* DOUAudioFrequencyAnalyzer.m in Sources */ = {isa = PBXBuildFile; fileRef = DB208255177E8B5C001DC559 /* DOUAudioFrequencyAnalyzer.m */; };
		DB208272177E8B5C001DC559 /* DOUAudioLPCM.m in Sources */ = {isa = PBXBuildFile; fileRef = DB208257177E8B5C001DC559 /* DOUAudioLPCM.m */; };
		DB208273177E8B5C001DC559 /* DOUAudioPlaybackItem.m in Sources */ = {isa = PBXBuildFile; fileRef = DB208259177E8B5C001DC559 /* DOUAudioPlaybackItem.m */; };
		DB208274177E8B5C001DC559 /* DOUAudioRenderer.m in Sources */ = {isa = PBXBuildFile; fileRef = DB20825B177E8B5C001DC559 /* DOUAudioRenderer.m */; };
		DB208275177E8B5C001DC559 /* DOUAudioSpatialAnalyzer.m in Sources */ = {isa = PBXBuildFile; fileRef = DB20825D177E8B5C001DC559 /* DOUAudioSpatialAnalyzer.m */; };
		DB208276177E8B5C001DC559 /* DOUAudioStreamer.m in Sources */ = {isa = PBXBuildFile; fileRef = DB208260177E8B5C001DC559 /* DOUAudioStreamer.m */; };
		DB208277177E8B5C001DC559 /* DOUAudioVisualizer.m in Sources */ = {isa = PBXBuildFile; fileRef = DB208262177E8B5C001DC559 /* DOUAudioVisualizer.m */; };
		DB208278177E8B5C001DC559 /* DOUEAGL1View.m in Sources */ = {isa = PBXBuildFile; fileRef = DB208264177E8B5C001DC559 /* DOUEAGL1View.m */; };
		DB208279177E8B5C001DC559 /* DOUEAGLView.m in Sources */ = {isa = PBXBuildFile; fileRef = DB208266177E8B5C001DC559 /* DOUEAGLView.m */; };
		DB20827A177E8B5C001DC559 /* DOUSimpleHTTPRequest.m in Sources */ = {isa = PBXBuildFile; fileRef = DB208268177E8B5C001DC559 /* DOUSimpleHTTPRequest.m */; };
		DB20827B177E8B5C001DC559 /* NSData+DOUMappedFile.m in Sources */ = {isa = PBXBuildFile; fileRef = DB20826A177E8B5C001DC559 /* NSData+DOUMappedFile.m */; };
		DB20827E177E8B70001DC559 /* AudioToolbox.framework in Frameworks */ = {isa = PBXBuildFile; fileRef = DB20827C177E8B70001DC559 /* AudioToolbox.framework */; };
		DB20827F177E8B70001DC559 /* CoreAudio.framework in Frameworks */ = {isa = PBXBuildFile; fileRef = DB20827D177E8B70001DC559 /* CoreAudio.framework */; };
		DB364F721789600400190BE0 /* UIScrollView+Additions.m in Sources */ = {isa = PBXBuildFile; fileRef = DB364F711789600400190BE0 /* UIScrollView+Additions.m */; };
		DB364F7A178964D600190BE0 /* UIScrollView+SVPullToRefresh.m in Sources */ = {isa = PBXBuildFile; fileRef = DB364F78178964D600190BE0 /* UIScrollView+SVPullToRefresh.m */; };
		DB5D2A83177FDC6E00DA1DEB /* RXMLElement.m in Sources */ = {isa = PBXBuildFile; fileRef = DB5D2A82177FDC6E00DA1DEB /* RXMLElement.m */; };
		DB5D2A85177FDC9D00DA1DEB /* libz.dylib in Frameworks */ = {isa = PBXBuildFile; fileRef = DB5D2A84177FDC9D00DA1DEB /* libz.dylib */; };
		DB5D2A87177FDCA800DA1DEB /* libxml2.dylib in Frameworks */ = {isa = PBXBuildFile; fileRef = DB5D2A86177FDCA800DA1DEB /* libxml2.dylib */; };
		DB5D2A8B177FDE4C00DA1DEB /* AFRXMLRequestOperation.m in Sources */ = {isa = PBXBuildFile; fileRef = DB5D2A8A177FDE4C00DA1DEB /* AFRXMLRequestOperation.m */; };
		DBA6C578178181290063F7B3 /* Podcast.xcdatamodeld in Sources */ = {isa = PBXBuildFile; fileRef = DBA6C576178181290063F7B3 /* Podcast.xcdatamodeld */; };
		DBCCA47B17812B5600D0A09B /* Accelerate.framework in Frameworks */ = {isa = PBXBuildFile; fileRef = DBCCA47A17812B5600D0A09B /* Accelerate.framework */; };
/* End PBXBuildFile section */

/* Begin PBXContainerItemProxy section */
		B9D16052177C0B9A00FE0061 /* PBXContainerItemProxy */ = {
			isa = PBXContainerItemProxy;
			containerPortal = B9D16024177C0B9A00FE0061 /* Project object */;
			proxyType = 1;
			remoteGlobalIDString = B9D1602B177C0B9A00FE0061;
			remoteInfo = Podcast;
		};
/* End PBXContainerItemProxy section */

/* Begin PBXFileReference section */
		B94188C21783D33F00C2DCD1 /* ALPodcastStore.h */ = {isa = PBXFileReference; fileEncoding = 4; lastKnownFileType = sourcecode.c.h; path = ALPodcastStore.h; sourceTree = "<group>"; };
		B94188C31783D33F00C2DCD1 /* ALPodcastStore.m */ = {isa = PBXFileReference; fileEncoding = 4; lastKnownFileType = sourcecode.c.objc; path = ALPodcastStore.m; sourceTree = "<group>"; };
		B94188CE1783D75200C2DCD1 /* ALFeedItem+Additions.h */ = {isa = PBXFileReference; fileEncoding = 4; lastKnownFileType = sourcecode.c.h; path = "ALFeedItem+Additions.h"; sourceTree = "<group>"; };
		B94188CF1783D75200C2DCD1 /* ALFeedItem+Additions.m */ = {isa = PBXFileReference; fileEncoding = 4; lastKnownFileType = sourcecode.c.objc; path = "ALFeedItem+Additions.m"; sourceTree = "<group>"; };
		B94188D71783DA3F00C2DCD1 /* CoreData.framework */ = {isa = PBXFileReference; lastKnownFileType = wrapper.framework; name = CoreData.framework; path = System/Library/Frameworks/CoreData.framework; sourceTree = SDKROOT; };
		B94188DC178401FC00C2DCD1 /* ALFeedInfo.h */ = {isa = PBXFileReference; fileEncoding = 4; lastKnownFileType = sourcecode.c.h; path = ALFeedInfo.h; sourceTree = "<group>"; };
		B94188DD178401FC00C2DCD1 /* ALFeedInfo.m */ = {isa = PBXFileReference; fileEncoding = 4; lastKnownFileType = sourcecode.c.objc; path = ALFeedInfo.m; sourceTree = "<group>"; };
		B9A1A50F17BA105F003A12AE /* ALDownloadButton.h */ = {isa = PBXFileReference; fileEncoding = 4; lastKnownFileType = sourcecode.c.h; path = ALDownloadButton.h; sourceTree = "<group>"; };
		B9A1A51017BA105F003A12AE /* ALDownloadButton.m */ = {isa = PBXFileReference; fileEncoding = 4; lastKnownFileType = sourcecode.c.objc; path = ALDownloadButton.m; sourceTree = "<group>"; };
		B9A1A51217BA3013003A12AE /* ALFeedItem.h */ = {isa = PBXFileReference; fileEncoding = 4; lastKnownFileType = sourcecode.c.h; path = ALFeedItem.h; sourceTree = "<group>"; };
		B9A1A51317BA3013003A12AE /* ALFeedItem.m */ = {isa = PBXFileReference; fileEncoding = 4; lastKnownFileType = sourcecode.c.objc; path = ALFeedItem.m; sourceTree = "<group>"; };
		B9C757EA177D46170000004E /* AlLiveBlurView.h */ = {isa = PBXFileReference; fileEncoding = 4; lastKnownFileType = sourcecode.c.h; path = AlLiveBlurView.h; sourceTree = "<group>"; };
		B9C757EB177D46170000004E /* AlLiveBlurView.m */ = {isa = PBXFileReference; fileEncoding = 4; lastKnownFileType = sourcecode.c.objc; path = AlLiveBlurView.m; sourceTree = "<group>"; };
		B9C757ED177D87AF0000004E /* ALPodcastItemCell.h */ = {isa = PBXFileReference; fileEncoding = 4; lastKnownFileType = sourcecode.c.h; path = ALPodcastItemCell.h; sourceTree = "<group>"; };
		B9C757EE177D87AF0000004E /* ALPodcastItemCell.m */ = {isa = PBXFileReference; fileEncoding = 4; lastKnownFileType = sourcecode.c.objc; path = ALPodcastItemCell.m; sourceTree = "<group>"; };
		B9C757F0177D89CD0000004E /* ALDynamicCollectionViewFlowLayout.h */ = {isa = PBXFileReference; fileEncoding = 4; lastKnownFileType = sourcecode.c.h; path = ALDynamicCollectionViewFlowLayout.h; sourceTree = "<group>"; };
		B9C757F1177D89CD0000004E /* ALDynamicCollectionViewFlowLayout.m */ = {isa = PBXFileReference; fileEncoding = 4; lastKnownFileType = sourcecode.c.objc; path = ALDynamicCollectionViewFlowLayout.m; sourceTree = "<group>"; };
		B9D1602C177C0B9A00FE0061 /* ESLPod.app */ = {isa = PBXFileReference; explicitFileType = wrapper.application; includeInIndex = 0; path = ESLPod.app; sourceTree = BUILT_PRODUCTS_DIR; };
		B9D1602F177C0B9A00FE0061 /* Foundation.framework */ = {isa = PBXFileReference; lastKnownFileType = wrapper.framework; name = Foundation.framework; path = System/Library/Frameworks/Foundation.framework; sourceTree = SDKROOT; };
		B9D16031177C0B9A00FE0061 /* CoreGraphics.framework */ = {isa = PBXFileReference; lastKnownFileType = wrapper.framework; name = CoreGraphics.framework; path = System/Library/Frameworks/CoreGraphics.framework; sourceTree = SDKROOT; };
		B9D16033177C0B9A00FE0061 /* UIKit.framework */ = {isa = PBXFileReference; lastKnownFileType = wrapper.framework; name = UIKit.framework; path = System/Library/Frameworks/UIKit.framework; sourceTree = SDKROOT; };
		B9D16037177C0B9A00FE0061 /* Podcast-Info.plist */ = {isa = PBXFileReference; lastKnownFileType = text.plist.xml; path = "Podcast-Info.plist"; sourceTree = "<group>"; };
		B9D16039177C0B9A00FE0061 /* en */ = {isa = PBXFileReference; lastKnownFileType = text.plist.strings; name = en; path = en.lproj/InfoPlist.strings; sourceTree = "<group>"; };
		B9D1603B177C0B9A00FE0061 /* main.m */ = {isa = PBXFileReference; lastKnownFileType = sourcecode.c.objc; path = main.m; sourceTree = "<group>"; };
		B9D1603D177C0B9A00FE0061 /* Podcast-Prefix.pch */ = {isa = PBXFileReference; lastKnownFileType = sourcecode.c.h; path = "Podcast-Prefix.pch"; sourceTree = "<group>"; };
		B9D1603E177C0B9A00FE0061 /* AppDelegate.h */ = {isa = PBXFileReference; lastKnownFileType = sourcecode.c.h; path = AppDelegate.h; sourceTree = "<group>"; };
		B9D1603F177C0B9A00FE0061 /* AppDelegate.m */ = {isa = PBXFileReference; lastKnownFileType = sourcecode.c.objc; path = AppDelegate.m; sourceTree = "<group>"; };
		B9D16042177C0B9A00FE0061 /* Base */ = {isa = PBXFileReference; lastKnownFileType = file.storyboard; name = Base; path = Base.lproj/Main.storyboard; sourceTree = "<group>"; };
		B9D16047177C0B9A00FE0061 /* Images.xcassets */ = {isa = PBXFileReference; lastKnownFileType = folder.assetcatalog; path = Images.xcassets; sourceTree = "<group>"; };
		B9D1604D177C0B9A00FE0061 /* PodcastTests.xctest */ = {isa = PBXFileReference; explicitFileType = wrapper.cfbundle; includeInIndex = 0; path = PodcastTests.xctest; sourceTree = BUILT_PRODUCTS_DIR; };
		B9D1604E177C0B9A00FE0061 /* XCTest.framework */ = {isa = PBXFileReference; lastKnownFileType = wrapper.framework; name = XCTest.framework; path = Library/Frameworks/XCTest.framework; sourceTree = DEVELOPER_DIR; };
		B9D16056177C0B9A00FE0061 /* PodcastTests-Info.plist */ = {isa = PBXFileReference; lastKnownFileType = text.plist.xml; path = "PodcastTests-Info.plist"; sourceTree = "<group>"; };
		B9D16058177C0B9A00FE0061 /* en */ = {isa = PBXFileReference; lastKnownFileType = text.plist.strings; name = en; path = en.lproj/InfoPlist.strings; sourceTree = "<group>"; };
		B9D1605A177C0B9A00FE0061 /* PodcastTests.m */ = {isa = PBXFileReference; lastKnownFileType = sourcecode.c.objc; path = PodcastTests.m; sourceTree = "<group>"; };
		B9D1606C177C106E00FE0061 /* QuartzCore.framework */ = {isa = PBXFileReference; lastKnownFileType = wrapper.framework; name = QuartzCore.framework; path = System/Library/Frameworks/QuartzCore.framework; sourceTree = SDKROOT; };
		B9D1606E177C107B00FE0061 /* SystemConfiguration.framework */ = {isa = PBXFileReference; lastKnownFileType = wrapper.framework; name = SystemConfiguration.framework; path = System/Library/Frameworks/SystemConfiguration.framework; sourceTree = SDKROOT; };
		B9D16070177C108200FE0061 /* MobileCoreServices.framework */ = {isa = PBXFileReference; lastKnownFileType = wrapper.framework; name = MobileCoreServices.framework; path = System/Library/Frameworks/MobileCoreServices.framework; sourceTree = SDKROOT; };
		B9D16072177C10D900FE0061 /* NIActions.h */ = {isa = PBXFileReference; fileEncoding = 4; lastKnownFileType = sourcecode.c.h; name = NIActions.h; path = Vendor/Nimbus/src/core/src/NIActions.h; sourceTree = "<group>"; };
		B9D16073177C10D900FE0061 /* NIActions.m */ = {isa = PBXFileReference; fileEncoding = 4; lastKnownFileType = sourcecode.c.objc; name = NIActions.m; path = Vendor/Nimbus/src/core/src/NIActions.m; sourceTree = "<group>"; };
		B9D16074177C10D900FE0061 /* NIActions+Subclassing.h */ = {isa = PBXFileReference; fileEncoding = 4; lastKnownFileType = sourcecode.c.h; name = "NIActions+Subclassing.h"; path = "Vendor/Nimbus/src/core/src/NIActions+Subclassing.h"; sourceTree = "<group>"; };
		B9D16075177C10D900FE0061 /* NIButtonUtilities.h */ = {isa = PBXFileReference; fileEncoding = 4; lastKnownFileType = sourcecode.c.h; name = NIButtonUtilities.h; path = Vendor/Nimbus/src/core/src/NIButtonUtilities.h; sourceTree = "<group>"; };
		B9D16076177C10D900FE0061 /* NIButtonUtilities.m */ = {isa = PBXFileReference; fileEncoding = 4; lastKnownFileType = sourcecode.c.objc; name = NIButtonUtilities.m; path = Vendor/Nimbus/src/core/src/NIButtonUtilities.m; sourceTree = "<group>"; };
		B9D16077177C10D900FE0061 /* NICommonMetrics.h */ = {isa = PBXFileReference; fileEncoding = 4; lastKnownFileType = sourcecode.c.h; name = NICommonMetrics.h; path = Vendor/Nimbus/src/core/src/NICommonMetrics.h; sourceTree = "<group>"; };
		B9D16078177C10D900FE0061 /* NICommonMetrics.m */ = {isa = PBXFileReference; fileEncoding = 4; lastKnownFileType = sourcecode.c.objc; name = NICommonMetrics.m; path = Vendor/Nimbus/src/core/src/NICommonMetrics.m; sourceTree = "<group>"; };
		B9D16079177C10D900FE0061 /* NIDataStructures.h */ = {isa = PBXFileReference; fileEncoding = 4; lastKnownFileType = sourcecode.c.h; name = NIDataStructures.h; path = Vendor/Nimbus/src/core/src/NIDataStructures.h; sourceTree = "<group>"; };
		B9D1607A177C10D900FE0061 /* NIDataStructures.m */ = {isa = PBXFileReference; fileEncoding = 4; lastKnownFileType = sourcecode.c.objc; name = NIDataStructures.m; path = Vendor/Nimbus/src/core/src/NIDataStructures.m; sourceTree = "<group>"; };
		B9D1607B177C10D900FE0061 /* NIDebuggingTools.h */ = {isa = PBXFileReference; fileEncoding = 4; lastKnownFileType = sourcecode.c.h; name = NIDebuggingTools.h; path = Vendor/Nimbus/src/core/src/NIDebuggingTools.h; sourceTree = "<group>"; };
		B9D1607C177C10D900FE0061 /* NIDebuggingTools.m */ = {isa = PBXFileReference; fileEncoding = 4; lastKnownFileType = sourcecode.c.objc; name = NIDebuggingTools.m; path = Vendor/Nimbus/src/core/src/NIDebuggingTools.m; sourceTree = "<group>"; };
		B9D1607D177C10D900FE0061 /* NIDeviceOrientation.h */ = {isa = PBXFileReference; fileEncoding = 4; lastKnownFileType = sourcecode.c.h; name = NIDeviceOrientation.h; path = Vendor/Nimbus/src/core/src/NIDeviceOrientation.h; sourceTree = "<group>"; };
		B9D1607E177C10D900FE0061 /* NIDeviceOrientation.m */ = {isa = PBXFileReference; fileEncoding = 4; lastKnownFileType = sourcecode.c.objc; name = NIDeviceOrientation.m; path = Vendor/Nimbus/src/core/src/NIDeviceOrientation.m; sourceTree = "<group>"; };
		B9D1607F177C10D900FE0061 /* NIError.h */ = {isa = PBXFileReference; fileEncoding = 4; lastKnownFileType = sourcecode.c.h; name = NIError.h; path = Vendor/Nimbus/src/core/src/NIError.h; sourceTree = "<group>"; };
		B9D16080177C10D900FE0061 /* NIError.m */ = {isa = PBXFileReference; fileEncoding = 4; lastKnownFileType = sourcecode.c.objc; name = NIError.m; path = Vendor/Nimbus/src/core/src/NIError.m; sourceTree = "<group>"; };
		B9D16081177C10D900FE0061 /* NIFoundationMethods.h */ = {isa = PBXFileReference; fileEncoding = 4; lastKnownFileType = sourcecode.c.h; name = NIFoundationMethods.h; path = Vendor/Nimbus/src/core/src/NIFoundationMethods.h; sourceTree = "<group>"; };
		B9D16082177C10D900FE0061 /* NIFoundationMethods.m */ = {isa = PBXFileReference; fileEncoding = 4; lastKnownFileType = sourcecode.c.objc; name = NIFoundationMethods.m; path = Vendor/Nimbus/src/core/src/NIFoundationMethods.m; sourceTree = "<group>"; };
		B9D16083177C10D900FE0061 /* NIImageUtilities.h */ = {isa = PBXFileReference; fileEncoding = 4; lastKnownFileType = sourcecode.c.h; name = NIImageUtilities.h; path = Vendor/Nimbus/src/core/src/NIImageUtilities.h; sourceTree = "<group>"; };
		B9D16084177C10D900FE0061 /* NIImageUtilities.m */ = {isa = PBXFileReference; fileEncoding = 4; lastKnownFileType = sourcecode.c.objc; name = NIImageUtilities.m; path = Vendor/Nimbus/src/core/src/NIImageUtilities.m; sourceTree = "<group>"; };
		B9D16085177C10D900FE0061 /* NIInMemoryCache.h */ = {isa = PBXFileReference; fileEncoding = 4; lastKnownFileType = sourcecode.c.h; name = NIInMemoryCache.h; path = Vendor/Nimbus/src/core/src/NIInMemoryCache.h; sourceTree = "<group>"; };
		B9D16086177C10D900FE0061 /* NIInMemoryCache.m */ = {isa = PBXFileReference; fileEncoding = 4; lastKnownFileType = sourcecode.c.objc; name = NIInMemoryCache.m; path = Vendor/Nimbus/src/core/src/NIInMemoryCache.m; sourceTree = "<group>"; };
		B9D16087177C10D900FE0061 /* NIInvocationMethods.h */ = {isa = PBXFileReference; fileEncoding = 4; lastKnownFileType = sourcecode.c.h; name = NIInvocationMethods.h; path = Vendor/Nimbus/src/core/src/NIInvocationMethods.h; sourceTree = "<group>"; };
		B9D16088177C10D900FE0061 /* NIInvocationMethods.m */ = {isa = PBXFileReference; fileEncoding = 4; lastKnownFileType = sourcecode.c.objc; name = NIInvocationMethods.m; path = Vendor/Nimbus/src/core/src/NIInvocationMethods.m; sourceTree = "<group>"; };
		B9D16089177C10D900FE0061 /* NimbusCore.h */ = {isa = PBXFileReference; fileEncoding = 4; lastKnownFileType = sourcecode.c.h; name = NimbusCore.h; path = Vendor/Nimbus/src/core/src/NimbusCore.h; sourceTree = "<group>"; };
		B9D1608A177C10D900FE0061 /* NimbusCore+Additions.h */ = {isa = PBXFileReference; fileEncoding = 4; lastKnownFileType = sourcecode.c.h; name = "NimbusCore+Additions.h"; path = "Vendor/Nimbus/src/core/src/NimbusCore+Additions.h"; sourceTree = "<group>"; };
		B9D1608B177C10D900FE0061 /* NINavigationAppearance.h */ = {isa = PBXFileReference; fileEncoding = 4; lastKnownFileType = sourcecode.c.h; name = NINavigationAppearance.h; path = Vendor/Nimbus/src/core/src/NINavigationAppearance.h; sourceTree = "<group>"; };
		B9D1608C177C10D900FE0061 /* NINavigationAppearance.m */ = {isa = PBXFileReference; fileEncoding = 4; lastKnownFileType = sourcecode.c.objc; name = NINavigationAppearance.m; path = Vendor/Nimbus/src/core/src/NINavigationAppearance.m; sourceTree = "<group>"; };
		B9D1608D177C10D900FE0061 /* NINetworkActivity.h */ = {isa = PBXFileReference; fileEncoding = 4; lastKnownFileType = sourcecode.c.h; name = NINetworkActivity.h; path = Vendor/Nimbus/src/core/src/NINetworkActivity.h; sourceTree = "<group>"; };
		B9D1608E177C10D900FE0061 /* NINetworkActivity.m */ = {isa = PBXFileReference; fileEncoding = 4; lastKnownFileType = sourcecode.c.objc; name = NINetworkActivity.m; path = Vendor/Nimbus/src/core/src/NINetworkActivity.m; sourceTree = "<group>"; };
		B9D1608F177C10D900FE0061 /* NINonEmptyCollectionTesting.h */ = {isa = PBXFileReference; fileEncoding = 4; lastKnownFileType = sourcecode.c.h; name = NINonEmptyCollectionTesting.h; path = Vendor/Nimbus/src/core/src/NINonEmptyCollectionTesting.h; sourceTree = "<group>"; };
		B9D16090177C10D900FE0061 /* NINonEmptyCollectionTesting.m */ = {isa = PBXFileReference; fileEncoding = 4; lastKnownFileType = sourcecode.c.objc; name = NINonEmptyCollectionTesting.m; path = Vendor/Nimbus/src/core/src/NINonEmptyCollectionTesting.m; sourceTree = "<group>"; };
		B9D16091177C10D900FE0061 /* NINonRetainingCollections.h */ = {isa = PBXFileReference; fileEncoding = 4; lastKnownFileType = sourcecode.c.h; name = NINonRetainingCollections.h; path = Vendor/Nimbus/src/core/src/NINonRetainingCollections.h; sourceTree = "<group>"; };
		B9D16092177C10D900FE0061 /* NINonRetainingCollections.m */ = {isa = PBXFileReference; fileEncoding = 4; lastKnownFileType = sourcecode.c.objc; name = NINonRetainingCollections.m; path = Vendor/Nimbus/src/core/src/NINonRetainingCollections.m; sourceTree = "<group>"; };
		B9D16093177C10D900FE0061 /* NIOperations.h */ = {isa = PBXFileReference; fileEncoding = 4; lastKnownFileType = sourcecode.c.h; name = NIOperations.h; path = Vendor/Nimbus/src/core/src/NIOperations.h; sourceTree = "<group>"; };
		B9D16094177C10D900FE0061 /* NIOperations.m */ = {isa = PBXFileReference; fileEncoding = 4; lastKnownFileType = sourcecode.c.objc; name = NIOperations.m; path = Vendor/Nimbus/src/core/src/NIOperations.m; sourceTree = "<group>"; };
		B9D16095177C10D900FE0061 /* NIOperations+Subclassing.h */ = {isa = PBXFileReference; fileEncoding = 4; lastKnownFileType = sourcecode.c.h; name = "NIOperations+Subclassing.h"; path = "Vendor/Nimbus/src/core/src/NIOperations+Subclassing.h"; sourceTree = "<group>"; };
		B9D16096177C10D900FE0061 /* NIPaths.h */ = {isa = PBXFileReference; fileEncoding = 4; lastKnownFileType = sourcecode.c.h; name = NIPaths.h; path = Vendor/Nimbus/src/core/src/NIPaths.h; sourceTree = "<group>"; };
		B9D16097177C10D900FE0061 /* NIPaths.m */ = {isa = PBXFileReference; fileEncoding = 4; lastKnownFileType = sourcecode.c.objc; name = NIPaths.m; path = Vendor/Nimbus/src/core/src/NIPaths.m; sourceTree = "<group>"; };
		B9D16098177C10D900FE0061 /* NIPreprocessorMacros.h */ = {isa = PBXFileReference; fileEncoding = 4; lastKnownFileType = sourcecode.c.h; name = NIPreprocessorMacros.h; path = Vendor/Nimbus/src/core/src/NIPreprocessorMacros.h; sourceTree = "<group>"; };
		B9D16099177C10D900FE0061 /* NIRuntimeClassModifications.h */ = {isa = PBXFileReference; fileEncoding = 4; lastKnownFileType = sourcecode.c.h; name = NIRuntimeClassModifications.h; path = Vendor/Nimbus/src/core/src/NIRuntimeClassModifications.h; sourceTree = "<group>"; };
		B9D1609A177C10D900FE0061 /* NIRuntimeClassModifications.m */ = {isa = PBXFileReference; fileEncoding = 4; lastKnownFileType = sourcecode.c.objc; name = NIRuntimeClassModifications.m; path = Vendor/Nimbus/src/core/src/NIRuntimeClassModifications.m; sourceTree = "<group>"; };
		B9D1609B177C10D900FE0061 /* NISDKAvailability.h */ = {isa = PBXFileReference; fileEncoding = 4; lastKnownFileType = sourcecode.c.h; name = NISDKAvailability.h; path = Vendor/Nimbus/src/core/src/NISDKAvailability.h; sourceTree = "<group>"; };
		B9D1609C177C10D900FE0061 /* NISDKAvailability.m */ = {isa = PBXFileReference; fileEncoding = 4; lastKnownFileType = sourcecode.c.objc; name = NISDKAvailability.m; path = Vendor/Nimbus/src/core/src/NISDKAvailability.m; sourceTree = "<group>"; };
		B9D1609D177C10D900FE0061 /* NISnapshotRotation.h */ = {isa = PBXFileReference; fileEncoding = 4; lastKnownFileType = sourcecode.c.h; name = NISnapshotRotation.h; path = Vendor/Nimbus/src/core/src/NISnapshotRotation.h; sourceTree = "<group>"; };
		B9D1609E177C10D900FE0061 /* NISnapshotRotation.m */ = {isa = PBXFileReference; fileEncoding = 4; lastKnownFileType = sourcecode.c.objc; name = NISnapshotRotation.m; path = Vendor/Nimbus/src/core/src/NISnapshotRotation.m; sourceTree = "<group>"; };
		B9D1609F177C10D900FE0061 /* NIState.h */ = {isa = PBXFileReference; fileEncoding = 4; lastKnownFileType = sourcecode.c.h; name = NIState.h; path = Vendor/Nimbus/src/core/src/NIState.h; sourceTree = "<group>"; };
		B9D160A0177C10D900FE0061 /* NIState.m */ = {isa = PBXFileReference; fileEncoding = 4; lastKnownFileType = sourcecode.c.objc; name = NIState.m; path = Vendor/Nimbus/src/core/src/NIState.m; sourceTree = "<group>"; };
		B9D160A1177C10D900FE0061 /* NIViewRecycler.h */ = {isa = PBXFileReference; fileEncoding = 4; lastKnownFileType = sourcecode.c.h; name = NIViewRecycler.h; path = Vendor/Nimbus/src/core/src/NIViewRecycler.h; sourceTree = "<group>"; };
		B9D160A2177C10D900FE0061 /* NIViewRecycler.m */ = {isa = PBXFileReference; fileEncoding = 4; lastKnownFileType = sourcecode.c.objc; name = NIViewRecycler.m; path = Vendor/Nimbus/src/core/src/NIViewRecycler.m; sourceTree = "<group>"; };
		B9D160A3177C10D900FE0061 /* NSString+NimbusCore.h */ = {isa = PBXFileReference; fileEncoding = 4; lastKnownFileType = sourcecode.c.h; name = "NSString+NimbusCore.h"; path = "Vendor/Nimbus/src/core/src/NSString+NimbusCore.h"; sourceTree = "<group>"; };
		B9D160A4177C10D900FE0061 /* NSString+NimbusCore.m */ = {isa = PBXFileReference; fileEncoding = 4; lastKnownFileType = sourcecode.c.objc; name = "NSString+NimbusCore.m"; path = "Vendor/Nimbus/src/core/src/NSString+NimbusCore.m"; sourceTree = "<group>"; };
		B9D160BC177C10EF00FE0061 /* NIImageProcessing.h */ = {isa = PBXFileReference; fileEncoding = 4; lastKnownFileType = sourcecode.c.h; name = NIImageProcessing.h; path = Vendor/Nimbus/src/networkimage/src/NIImageProcessing.h; sourceTree = "<group>"; };
		B9D160BD177C10EF00FE0061 /* NIImageProcessing.m */ = {isa = PBXFileReference; fileEncoding = 4; lastKnownFileType = sourcecode.c.objc; name = NIImageProcessing.m; path = Vendor/Nimbus/src/networkimage/src/NIImageProcessing.m; sourceTree = "<group>"; };
		B9D160BE177C10EF00FE0061 /* NimbusNetworkImage.h */ = {isa = PBXFileReference; fileEncoding = 4; lastKnownFileType = sourcecode.c.h; name = NimbusNetworkImage.h; path = Vendor/Nimbus/src/networkimage/src/NimbusNetworkImage.h; sourceTree = "<group>"; };
		B9D160BF177C10EF00FE0061 /* NINetworkImageView.h */ = {isa = PBXFileReference; fileEncoding = 4; lastKnownFileType = sourcecode.c.h; name = NINetworkImageView.h; path = Vendor/Nimbus/src/networkimage/src/NINetworkImageView.h; sourceTree = "<group>"; };
		B9D160C0177C10EF00FE0061 /* NINetworkImageView.m */ = {isa = PBXFileReference; fileEncoding = 4; lastKnownFileType = sourcecode.c.objc; name = NINetworkImageView.m; path = Vendor/Nimbus/src/networkimage/src/NINetworkImageView.m; sourceTree = "<group>"; };
		B9D160C3177C10FF00FE0061 /* AFHTTPClient.h */ = {isa = PBXFileReference; fileEncoding = 4; lastKnownFileType = sourcecode.c.h; name = AFHTTPClient.h; path = Vendor/Nimbus/thirdparty/AFNetworking/AFNetworking/AFHTTPClient.h; sourceTree = "<group>"; };
		B9D160C4177C10FF00FE0061 /* AFHTTPClient.m */ = {isa = PBXFileReference; fileEncoding = 4; lastKnownFileType = sourcecode.c.objc; name = AFHTTPClient.m; path = Vendor/Nimbus/thirdparty/AFNetworking/AFNetworking/AFHTTPClient.m; sourceTree = "<group>"; };
		B9D160C5177C10FF00FE0061 /* AFHTTPRequestOperation.h */ = {isa = PBXFileReference; fileEncoding = 4; lastKnownFileType = sourcecode.c.h; name = AFHTTPRequestOperation.h; path = Vendor/Nimbus/thirdparty/AFNetworking/AFNetworking/AFHTTPRequestOperation.h; sourceTree = "<group>"; };
		B9D160C6177C10FF00FE0061 /* AFHTTPRequestOperation.m */ = {isa = PBXFileReference; fileEncoding = 4; lastKnownFileType = sourcecode.c.objc; name = AFHTTPRequestOperation.m; path = Vendor/Nimbus/thirdparty/AFNetworking/AFNetworking/AFHTTPRequestOperation.m; sourceTree = "<group>"; };
		B9D160C7177C10FF00FE0061 /* AFImageRequestOperation.h */ = {isa = PBXFileReference; fileEncoding = 4; lastKnownFileType = sourcecode.c.h; name = AFImageRequestOperation.h; path = Vendor/Nimbus/thirdparty/AFNetworking/AFNetworking/AFImageRequestOperation.h; sourceTree = "<group>"; };
		B9D160C8177C10FF00FE0061 /* AFImageRequestOperation.m */ = {isa = PBXFileReference; fileEncoding = 4; lastKnownFileType = sourcecode.c.objc; name = AFImageRequestOperation.m; path = Vendor/Nimbus/thirdparty/AFNetworking/AFNetworking/AFImageRequestOperation.m; sourceTree = "<group>"; };
		B9D160C9177C10FF00FE0061 /* AFJSONRequestOperation.h */ = {isa = PBXFileReference; fileEncoding = 4; lastKnownFileType = sourcecode.c.h; name = AFJSONRequestOperation.h; path = Vendor/Nimbus/thirdparty/AFNetworking/AFNetworking/AFJSONRequestOperation.h; sourceTree = "<group>"; };
		B9D160CA177C10FF00FE0061 /* AFJSONRequestOperation.m */ = {isa = PBXFileReference; fileEncoding = 4; lastKnownFileType = sourcecode.c.objc; name = AFJSONRequestOperation.m; path = Vendor/Nimbus/thirdparty/AFNetworking/AFNetworking/AFJSONRequestOperation.m; sourceTree = "<group>"; };
		B9D160CB177C10FF00FE0061 /* AFNetworkActivityIndicatorManager.h */ = {isa = PBXFileReference; fileEncoding = 4; lastKnownFileType = sourcecode.c.h; name = AFNetworkActivityIndicatorManager.h; path = Vendor/Nimbus/thirdparty/AFNetworking/AFNetworking/AFNetworkActivityIndicatorManager.h; sourceTree = "<group>"; };
		B9D160CC177C10FF00FE0061 /* AFNetworkActivityIndicatorManager.m */ = {isa = PBXFileReference; fileEncoding = 4; lastKnownFileType = sourcecode.c.objc; name = AFNetworkActivityIndicatorManager.m; path = Vendor/Nimbus/thirdparty/AFNetworking/AFNetworking/AFNetworkActivityIndicatorManager.m; sourceTree = "<group>"; };
		B9D160CD177C10FF00FE0061 /* AFNetworking.h */ = {isa = PBXFileReference; fileEncoding = 4; lastKnownFileType = sourcecode.c.h; name = AFNetworking.h; path = Vendor/Nimbus/thirdparty/AFNetworking/AFNetworking/AFNetworking.h; sourceTree = "<group>"; };
		B9D160CE177C10FF00FE0061 /* AFPropertyListRequestOperation.h */ = {isa = PBXFileReference; fileEncoding = 4; lastKnownFileType = sourcecode.c.h; name = AFPropertyListRequestOperation.h; path = Vendor/Nimbus/thirdparty/AFNetworking/AFNetworking/AFPropertyListRequestOperation.h; sourceTree = "<group>"; };
		B9D160CF177C10FF00FE0061 /* AFPropertyListRequestOperation.m */ = {isa = PBXFileReference; fileEncoding = 4; lastKnownFileType = sourcecode.c.objc; name = AFPropertyListRequestOperation.m; path = Vendor/Nimbus/thirdparty/AFNetworking/AFNetworking/AFPropertyListRequestOperation.m; sourceTree = "<group>"; };
		B9D160D0177C10FF00FE0061 /* AFURLConnectionOperation.h */ = {isa = PBXFileReference; fileEncoding = 4; lastKnownFileType = sourcecode.c.h; name = AFURLConnectionOperation.h; path = Vendor/Nimbus/thirdparty/AFNetworking/AFNetworking/AFURLConnectionOperation.h; sourceTree = "<group>"; };
		B9D160D1177C10FF00FE0061 /* AFURLConnectionOperation.m */ = {isa = PBXFileReference; fileEncoding = 4; lastKnownFileType = sourcecode.c.objc; name = AFURLConnectionOperation.m; path = Vendor/Nimbus/thirdparty/AFNetworking/AFNetworking/AFURLConnectionOperation.m; sourceTree = "<group>"; };
		B9D160D2177C10FF00FE0061 /* AFXMLRequestOperation.h */ = {isa = PBXFileReference; fileEncoding = 4; lastKnownFileType = sourcecode.c.h; name = AFXMLRequestOperation.h; path = Vendor/Nimbus/thirdparty/AFNetworking/AFNetworking/AFXMLRequestOperation.h; sourceTree = "<group>"; };
		B9D160D3177C10FF00FE0061 /* AFXMLRequestOperation.m */ = {isa = PBXFileReference; fileEncoding = 4; lastKnownFileType = sourcecode.c.objc; name = AFXMLRequestOperation.m; path = Vendor/Nimbus/thirdparty/AFNetworking/AFNetworking/AFXMLRequestOperation.m; sourceTree = "<group>"; };
		B9D160D4177C10FF00FE0061 /* UIImageView+AFNetworking.h */ = {isa = PBXFileReference; fileEncoding = 4; lastKnownFileType = sourcecode.c.h; name = "UIImageView+AFNetworking.h"; path = "Vendor/Nimbus/thirdparty/AFNetworking/AFNetworking/UIImageView+AFNetworking.h"; sourceTree = "<group>"; };
		B9D160D5177C10FF00FE0061 /* UIImageView+AFNetworking.m */ = {isa = PBXFileReference; fileEncoding = 4; lastKnownFileType = sourcecode.c.objc; name = "UIImageView+AFNetworking.m"; path = "Vendor/Nimbus/thirdparty/AFNetworking/AFNetworking/UIImageView+AFNetworking.m"; sourceTree = "<group>"; };
		B9D160E0177C125900FE0061 /* IISideController.h */ = {isa = PBXFileReference; fileEncoding = 4; lastKnownFileType = sourcecode.c.h; name = IISideController.h; path = Vendor/ViewDeck/ViewDeck/IISideController.h; sourceTree = "<group>"; };
		B9D160E1177C125900FE0061 /* IISideController.m */ = {isa = PBXFileReference; fileEncoding = 4; lastKnownFileType = sourcecode.c.objc; name = IISideController.m; path = Vendor/ViewDeck/ViewDeck/IISideController.m; sourceTree = "<group>"; };
		B9D160E2177C125900FE0061 /* IIViewDeckController.h */ = {isa = PBXFileReference; fileEncoding = 4; lastKnownFileType = sourcecode.c.h; name = IIViewDeckController.h; path = Vendor/ViewDeck/ViewDeck/IIViewDeckController.h; sourceTree = "<group>"; };
		B9D160E3177C125900FE0061 /* IIViewDeckController.m */ = {isa = PBXFileReference; fileEncoding = 4; lastKnownFileType = sourcecode.c.objc; name = IIViewDeckController.m; path = Vendor/ViewDeck/ViewDeck/IIViewDeckController.m; sourceTree = "<group>"; };
		B9D160E4177C125900FE0061 /* IIWrapController.h */ = {isa = PBXFileReference; fileEncoding = 4; lastKnownFileType = sourcecode.c.h; name = IIWrapController.h; path = Vendor/ViewDeck/ViewDeck/IIWrapController.h; sourceTree = "<group>"; };
		B9D160E5177C125900FE0061 /* IIWrapController.m */ = {isa = PBXFileReference; fileEncoding = 4; lastKnownFileType = sourcecode.c.objc; name = IIWrapController.m; path = Vendor/ViewDeck/ViewDeck/IIWrapController.m; sourceTree = "<group>"; };
		B9D160E9177C12A500FE0061 /* ALMenuViewController.h */ = {isa = PBXFileReference; fileEncoding = 4; lastKnownFileType = sourcecode.c.h; path = ALMenuViewController.h; sourceTree = "<group>"; };
		B9D160EA177C12A500FE0061 /* ALMenuViewController.m */ = {isa = PBXFileReference; fileEncoding = 4; lastKnownFileType = sourcecode.c.objc; path = ALMenuViewController.m; sourceTree = "<group>"; };
		B9D160EF177C13C100FE0061 /* ALStoryboard.h */ = {isa = PBXFileReference; fileEncoding = 4; lastKnownFileType = sourcecode.c.h; path = ALStoryboard.h; sourceTree = "<group>"; };
		B9D160F0177C13C100FE0061 /* ALStoryboard.m */ = {isa = PBXFileReference; fileEncoding = 4; lastKnownFileType = sourcecode.c.objc; path = ALStoryboard.m; sourceTree = "<group>"; };
		B9D160F2177C15CE00FE0061 /* ALMenuCell.h */ = {isa = PBXFileReference; fileEncoding = 4; lastKnownFileType = sourcecode.c.h; path = ALMenuCell.h; sourceTree = "<group>"; };
		B9D160F3177C15CE00FE0061 /* ALMenuCell.m */ = {isa = PBXFileReference; fileEncoding = 4; lastKnownFileType = sourcecode.c.objc; path = ALMenuCell.m; sourceTree = "<group>"; };
		B9D160F5177C17CB00FE0061 /* ALSettingViewController.h */ = {isa = PBXFileReference; fileEncoding = 4; lastKnownFileType = sourcecode.c.h; path = ALSettingViewController.h; sourceTree = "<group>"; };
		B9D160F6177C17CB00FE0061 /* ALSettingViewController.m */ = {isa = PBXFileReference; fileEncoding = 4; lastKnownFileType = sourcecode.c.objc; path = ALSettingViewController.m; sourceTree = "<group>"; };
		B9D160FB177C1FA500FE0061 /* ALPodcastPlayerViewController.h */ = {isa = PBXFileReference; fileEncoding = 4; lastKnownFileType = sourcecode.c.h; path = ALPodcastPlayerViewController.h; sourceTree = "<group>"; };
		B9D160FC177C1FA500FE0061 /* ALPodcastPlayerViewController.m */ = {isa = PBXFileReference; fileEncoding = 4; lastKnownFileType = sourcecode.c.objc; path = ALPodcastPlayerViewController.m; sourceTree = "<group>"; };
		B9D16101177C2AA400FE0061 /* ALPodcastPlayerView.h */ = {isa = PBXFileReference; fileEncoding = 4; lastKnownFileType = sourcecode.c.h; path = ALPodcastPlayerView.h; sourceTree = "<group>"; };
		B9D16102177C2AA400FE0061 /* ALPodcastPlayerView.m */ = {isa = PBXFileReference; fileEncoding = 4; lastKnownFileType = sourcecode.c.objc; path = ALPodcastPlayerView.m; sourceTree = "<group>"; };
		B9D16104177C2AB400FE0061 /* ALPodcastPlayerView.xib */ = {isa = PBXFileReference; fileEncoding = 4; lastKnownFileType = file.xib; path = ALPodcastPlayerView.xib; sourceTree = "<group>"; };
		B9D9E3781782C0150099F5A8 /* UIColor+Additions.h */ = {isa = PBXFileReference; fileEncoding = 4; lastKnownFileType = sourcecode.c.h; path = "UIColor+Additions.h"; sourceTree = "<group>"; };
		B9D9E3791782C0150099F5A8 /* UIColor+Additions.m */ = {isa = PBXFileReference; fileEncoding = 4; lastKnownFileType = sourcecode.c.objc; path = "UIColor+Additions.m"; sourceTree = "<group>"; };
		B9D9E37A1782C0150099F5A8 /* UIImage+Additions.h */ = {isa = PBXFileReference; fileEncoding = 4; lastKnownFileType = sourcecode.c.h; path = "UIImage+Additions.h"; sourceTree = "<group>"; };
		B9D9E37B1782C0150099F5A8 /* UIImage+Additions.m */ = {isa = PBXFileReference; fileEncoding = 4; lastKnownFileType = sourcecode.c.objc; path = "UIImage+Additions.m"; sourceTree = "<group>"; };
		B9DD25ED17851CEA0044F07C /* NSString+Additions.h */ = {isa = PBXFileReference; fileEncoding = 4; lastKnownFileType = sourcecode.c.h; path = "NSString+Additions.h"; sourceTree = "<group>"; };
		B9DD25EE17851CEA0044F07C /* NSString+Additions.m */ = {isa = PBXFileReference; fileEncoding = 4; lastKnownFileType = sourcecode.c.objc; path = "NSString+Additions.m"; sourceTree = "<group>"; };
		DB0132441780777E008445B2 /* ALUIScrollView.h */ = {isa = PBXFileReference; fileEncoding = 4; lastKnownFileType = sourcecode.c.h; path = ALUIScrollView.h; sourceTree = "<group>"; };
		DB0132451780777E008445B2 /* ALUIScrollView.m */ = {isa = PBXFileReference; fileEncoding = 4; lastKnownFileType = sourcecode.c.objc; path = ALUIScrollView.m; sourceTree = "<group>"; };
		DB013247178081F0008445B2 /* ALPodcastPlayer.h */ = {isa = PBXFileReference; fileEncoding = 4; lastKnownFileType = sourcecode.c.h; path = ALPodcastPlayer.h; sourceTree = "<group>"; };
		DB013248178081F0008445B2 /* ALPodcastPlayer.m */ = {isa = PBXFileReference; fileEncoding = 4; lastKnownFileType = sourcecode.c.objc; path = ALPodcastPlayer.m; sourceTree = "<group>"; };
		DB01324A17809AA3008445B2 /* ALSendFeedbackViewController.h */ = {isa = PBXFileReference; fileEncoding = 4; lastKnownFileType = sourcecode.c.h; path = ALSendFeedbackViewController.h; sourceTree = "<group>"; };
		DB01324B17809AA3008445B2 /* ALSendFeedbackViewController.m */ = {isa = PBXFileReference; fileEncoding = 4; lastKnownFileType = sourcecode.c.objc; path = ALSendFeedbackViewController.m; sourceTree = "<group>"; };
		DB208245177E8B5C001DC559 /* DOUAudioAnalyzer_Private.h */ = {isa = PBXFileReference; fileEncoding = 4; lastKnownFileType = sourcecode.c.h; name = DOUAudioAnalyzer_Private.h; path = Vendor/DOUAudioStreamer/src/DOUAudioAnalyzer_Private.h; sourceTree = "<group>"; };
		DB208246177E8B5C001DC559 /* DOUAudioAnalyzer.h */ = {isa = PBXFileReference; fileEncoding = 4; lastKnownFileType = sourcecode.c.h; name = DOUAudioAnalyzer.h; path = Vendor/DOUAudioStreamer/src/DOUAudioAnalyzer.h; sourceTree = "<group>"; };
		DB208247177E8B5C001DC559 /* DOUAudioAnalyzer.m */ = {isa = PBXFileReference; fileEncoding = 4; lastKnownFileType = sourcecode.c.objc; name = DOUAudioAnalyzer.m; path = Vendor/DOUAudioStreamer/src/DOUAudioAnalyzer.m; sourceTree = "<group>"; };
		DB208248177E8B5C001DC559 /* DOUAudioAnalyzer+Default.h */ = {isa = PBXFileReference; fileEncoding = 4; lastKnownFileType = sourcecode.c.h; name = "DOUAudioAnalyzer+Default.h"; path = "Vendor/DOUAudioStreamer/src/DOUAudioAnalyzer+Default.h"; sourceTree = "<group>"; };
		DB208249177E8B5C001DC559 /* DOUAudioAnalyzer+Default.m */ = {isa = PBXFileReference; fileEncoding = 4; lastKnownFileType = sourcecode.c.objc; name = "DOUAudioAnalyzer+Default.m"; path = "Vendor/DOUAudioStreamer/src/DOUAudioAnalyzer+Default.m"; sourceTree = "<group>"; };
		DB20824A177E8B5C001DC559 /* DOUAudioBase.h */ = {isa = PBXFileReference; fileEncoding = 4; lastKnownFileType = sourcecode.c.h; name = DOUAudioBase.h; path = Vendor/DOUAudioStreamer/src/DOUAudioBase.h; sourceTree = "<group>"; };
		DB20824B177E8B5C001DC559 /* DOUAudioDecoder.h */ = {isa = PBXFileReference; fileEncoding = 4; lastKnownFileType = sourcecode.c.h; name = DOUAudioDecoder.h; path = Vendor/DOUAudioStreamer/src/DOUAudioDecoder.h; sourceTree = "<group>"; };
		DB20824C177E8B5C001DC559 /* DOUAudioDecoder.m */ = {isa = PBXFileReference; fileEncoding = 4; lastKnownFileType = sourcecode.c.objc; name = DOUAudioDecoder.m; path = Vendor/DOUAudioStreamer/src/DOUAudioDecoder.m; sourceTree = "<group>"; };
		DB20824D177E8B5C001DC559 /* DOUAudioEventLoop.h */ = {isa = PBXFileReference; fileEncoding = 4; lastKnownFileType = sourcecode.c.h; name = DOUAudioEventLoop.h; path = Vendor/DOUAudioStreamer/src/DOUAudioEventLoop.h; sourceTree = "<group>"; };
		DB20824E177E8B5C001DC559 /* DOUAudioEventLoop.m */ = {isa = PBXFileReference; fileEncoding = 4; lastKnownFileType = sourcecode.c.objc; name = DOUAudioEventLoop.m; path = Vendor/DOUAudioStreamer/src/DOUAudioEventLoop.m; sourceTree = "<group>"; };
		DB20824F177E8B5C001DC559 /* DOUAudioFile.h */ = {isa = PBXFileReference; fileEncoding = 4; lastKnownFileType = sourcecode.c.h; name = DOUAudioFile.h; path = Vendor/DOUAudioStreamer/src/DOUAudioFile.h; sourceTree = "<group>"; };
		DB208250177E8B5C001DC559 /* DOUAudioFilePreprocessor.h */ = {isa = PBXFileReference; fileEncoding = 4; lastKnownFileType = sourcecode.c.h; name = DOUAudioFilePreprocessor.h; path = Vendor/DOUAudioStreamer/src/DOUAudioFilePreprocessor.h; sourceTree = "<group>"; };
		DB208251177E8B5C001DC559 /* DOUAudioFilePreprocessor.m */ = {isa = PBXFileReference; fileEncoding = 4; lastKnownFileType = sourcecode.c.objc; name = DOUAudioFilePreprocessor.m; path = Vendor/DOUAudioStreamer/src/DOUAudioFilePreprocessor.m; sourceTree = "<group>"; };
		DB208252177E8B5C001DC559 /* DOUAudioFileProvider.h */ = {isa = PBXFileReference; fileEncoding = 4; lastKnownFileType = sourcecode.c.h; name = DOUAudioFileProvider.h; path = Vendor/DOUAudioStreamer/src/DOUAudioFileProvider.h; sourceTree = "<group>"; };
		DB208253177E8B5C001DC559 /* DOUAudioFileProvider.m */ = {isa = PBXFileReference; fileEncoding = 4; lastKnownFileType = sourcecode.c.objc; name = DOUAudioFileProvider.m; path = Vendor/DOUAudioStreamer/src/DOUAudioFileProvider.m; sourceTree = "<group>"; };
		DB208254177E8B5C001DC559 /* DOUAudioFrequencyAnalyzer.h */ = {isa = PBXFileReference; fileEncoding = 4; lastKnownFileType = sourcecode.c.h; name = DOUAudioFrequencyAnalyzer.h; path = Vendor/DOUAudioStreamer/src/DOUAudioFrequencyAnalyzer.h; sourceTree = "<group>"; };
		DB208255177E8B5C001DC559 /* DOUAudioFrequencyAnalyzer.m */ = {isa = PBXFileReference; fileEncoding = 4; lastKnownFileType = sourcecode.c.objc; name = DOUAudioFrequencyAnalyzer.m; path = Vendor/DOUAudioStreamer/src/DOUAudioFrequencyAnalyzer.m; sourceTree = "<group>"; };
		DB208256177E8B5C001DC559 /* DOUAudioLPCM.h */ = {isa = PBXFileReference; fileEncoding = 4; lastKnownFileType = sourcecode.c.h; name = DOUAudioLPCM.h; path = Vendor/DOUAudioStreamer/src/DOUAudioLPCM.h; sourceTree = "<group>"; };
		DB208257177E8B5C001DC559 /* DOUAudioLPCM.m */ = {isa = PBXFileReference; fileEncoding = 4; lastKnownFileType = sourcecode.c.objc; name = DOUAudioLPCM.m; path = Vendor/DOUAudioStreamer/src/DOUAudioLPCM.m; sourceTree = "<group>"; };
		DB208258177E8B5C001DC559 /* DOUAudioPlaybackItem.h */ = {isa = PBXFileReference; fileEncoding = 4; lastKnownFileType = sourcecode.c.h; name = DOUAudioPlaybackItem.h; path = Vendor/DOUAudioStreamer/src/DOUAudioPlaybackItem.h; sourceTree = "<group>"; };
		DB208259177E8B5C001DC559 /* DOUAudioPlaybackItem.m */ = {isa = PBXFileReference; fileEncoding = 4; lastKnownFileType = sourcecode.c.objc; name = DOUAudioPlaybackItem.m; path = Vendor/DOUAudioStreamer/src/DOUAudioPlaybackItem.m; sourceTree = "<group>"; };
		DB20825A177E8B5C001DC559 /* DOUAudioRenderer.h */ = {isa = PBXFileReference; fileEncoding = 4; lastKnownFileType = sourcecode.c.h; name = DOUAudioRenderer.h; path = Vendor/DOUAudioStreamer/src/DOUAudioRenderer.h; sourceTree = "<group>"; };
		DB20825B177E8B5C001DC559 /* DOUAudioRenderer.m */ = {isa = PBXFileReference; fileEncoding = 4; lastKnownFileType = sourcecode.c.objc; name = DOUAudioRenderer.m; path = Vendor/DOUAudioStreamer/src/DOUAudioRenderer.m; sourceTree = "<group>"; };
		DB20825C177E8B5C001DC559 /* DOUAudioSpatialAnalyzer.h */ = {isa = PBXFileReference; fileEncoding = 4; lastKnownFileType = sourcecode.c.h; name = DOUAudioSpatialAnalyzer.h; path = Vendor/DOUAudioStreamer/src/DOUAudioSpatialAnalyzer.h; sourceTree = "<group>"; };
		DB20825D177E8B5C001DC559 /* DOUAudioSpatialAnalyzer.m */ = {isa = PBXFileReference; fileEncoding = 4; lastKnownFileType = sourcecode.c.objc; name = DOUAudioSpatialAnalyzer.m; path = Vendor/DOUAudioStreamer/src/DOUAudioSpatialAnalyzer.m; sourceTree = "<group>"; };
		DB20825E177E8B5C001DC559 /* DOUAudioStreamer_Private.h */ = {isa = PBXFileReference; fileEncoding = 4; lastKnownFileType = sourcecode.c.h; name = DOUAudioStreamer_Private.h; path = Vendor/DOUAudioStreamer/src/DOUAudioStreamer_Private.h; sourceTree = "<group>"; };
		DB20825F177E8B5C001DC559 /* DOUAudioStreamer.h */ = {isa = PBXFileReference; fileEncoding = 4; lastKnownFileType = sourcecode.c.h; name = DOUAudioStreamer.h; path = Vendor/DOUAudioStreamer/src/DOUAudioStreamer.h; sourceTree = "<group>"; };
		DB208260177E8B5C001DC559 /* DOUAudioStreamer.m */ = {isa = PBXFileReference; fileEncoding = 4; lastKnownFileType = sourcecode.c.objc; name = DOUAudioStreamer.m; path = Vendor/DOUAudioStreamer/src/DOUAudioStreamer.m; sourceTree = "<group>"; };
		DB208261177E8B5C001DC559 /* DOUAudioVisualizer.h */ = {isa = PBXFileReference; fileEncoding = 4; lastKnownFileType = sourcecode.c.h; name = DOUAudioVisualizer.h; path = Vendor/DOUAudioStreamer/src/DOUAudioVisualizer.h; sourceTree = "<group>"; };
		DB208262177E8B5C001DC559 /* DOUAudioVisualizer.m */ = {isa = PBXFileReference; fileEncoding = 4; lastKnownFileType = sourcecode.c.objc; name = DOUAudioVisualizer.m; path = Vendor/DOUAudioStreamer/src/DOUAudioVisualizer.m; sourceTree = "<group>"; };
		DB208263177E8B5C001DC559 /* DOUEAGL1View.h */ = {isa = PBXFileReference; fileEncoding = 4; lastKnownFileType = sourcecode.c.h; name = DOUEAGL1View.h; path = Vendor/DOUAudioStreamer/src/DOUEAGL1View.h; sourceTree = "<group>"; };
		DB208264177E8B5C001DC559 /* DOUEAGL1View.m */ = {isa = PBXFileReference; fileEncoding = 4; lastKnownFileType = sourcecode.c.objc; name = DOUEAGL1View.m; path = Vendor/DOUAudioStreamer/src/DOUEAGL1View.m; sourceTree = "<group>"; };
		DB208265177E8B5C001DC559 /* DOUEAGLView.h */ = {isa = PBXFileReference; fileEncoding = 4; lastKnownFileType = sourcecode.c.h; name = DOUEAGLView.h; path = Vendor/DOUAudioStreamer/src/DOUEAGLView.h; sourceTree = "<group>"; };
		DB208266177E8B5C001DC559 /* DOUEAGLView.m */ = {isa = PBXFileReference; fileEncoding = 4; lastKnownFileType = sourcecode.c.objc; name = DOUEAGLView.m; path = Vendor/DOUAudioStreamer/src/DOUEAGLView.m; sourceTree = "<group>"; };
		DB208267177E8B5C001DC559 /* DOUSimpleHTTPRequest.h */ = {isa = PBXFileReference; fileEncoding = 4; lastKnownFileType = sourcecode.c.h; name = DOUSimpleHTTPRequest.h; path = Vendor/DOUAudioStreamer/src/DOUSimpleHTTPRequest.h; sourceTree = "<group>"; };
		DB208268177E8B5C001DC559 /* DOUSimpleHTTPRequest.m */ = {isa = PBXFileReference; fileEncoding = 4; lastKnownFileType = sourcecode.c.objc; name = DOUSimpleHTTPRequest.m; path = Vendor/DOUAudioStreamer/src/DOUSimpleHTTPRequest.m; sourceTree = "<group>"; };
		DB208269177E8B5C001DC559 /* NSData+DOUMappedFile.h */ = {isa = PBXFileReference; fileEncoding = 4; lastKnownFileType = sourcecode.c.h; name = "NSData+DOUMappedFile.h"; path = "Vendor/DOUAudioStreamer/src/NSData+DOUMappedFile.h"; sourceTree = "<group>"; };
		DB20826A177E8B5C001DC559 /* NSData+DOUMappedFile.m */ = {isa = PBXFileReference; fileEncoding = 4; lastKnownFileType = sourcecode.c.objc; name = "NSData+DOUMappedFile.m"; path = "Vendor/DOUAudioStreamer/src/NSData+DOUMappedFile.m"; sourceTree = "<group>"; };
		DB20827C177E8B70001DC559 /* AudioToolbox.framework */ = {isa = PBXFileReference; lastKnownFileType = wrapper.framework; name = AudioToolbox.framework; path = System/Library/Frameworks/AudioToolbox.framework; sourceTree = SDKROOT; };
		DB20827D177E8B70001DC559 /* CoreAudio.framework */ = {isa = PBXFileReference; lastKnownFileType = wrapper.framework; name = CoreAudio.framework; path = System/Library/Frameworks/CoreAudio.framework; sourceTree = SDKROOT; };
		DB364F701789600400190BE0 /* UIScrollView+Additions.h */ = {isa = PBXFileReference; fileEncoding = 4; lastKnownFileType = sourcecode.c.h; path = "UIScrollView+Additions.h"; sourceTree = "<group>"; };
		DB364F711789600400190BE0 /* UIScrollView+Additions.m */ = {isa = PBXFileReference; fileEncoding = 4; lastKnownFileType = sourcecode.c.objc; path = "UIScrollView+Additions.m"; sourceTree = "<group>"; };
		DB364F74178964D600190BE0 /* SVPullToRefresh.h */ = {isa = PBXFileReference; fileEncoding = 4; lastKnownFileType = sourcecode.c.h; path = SVPullToRefresh.h; sourceTree = "<group>"; };
		DB364F77178964D600190BE0 /* UIScrollView+SVPullToRefresh.h */ = {isa = PBXFileReference; fileEncoding = 4; lastKnownFileType = sourcecode.c.h; path = "UIScrollView+SVPullToRefresh.h"; sourceTree = "<group>"; };
		DB364F78178964D600190BE0 /* UIScrollView+SVPullToRefresh.m */ = {isa = PBXFileReference; fileEncoding = 4; lastKnownFileType = sourcecode.c.objc; path = "UIScrollView+SVPullToRefresh.m"; sourceTree = "<group>"; };
		DB5D2A81177FDC6E00DA1DEB /* RXMLElement.h */ = {isa = PBXFileReference; fileEncoding = 4; lastKnownFileType = sourcecode.c.h; name = RXMLElement.h; path = Vendor/RaptureXML/RaptureXML/RXMLElement.h; sourceTree = "<group>"; };
		DB5D2A82177FDC6E00DA1DEB /* RXMLElement.m */ = {isa = PBXFileReference; fileEncoding = 4; lastKnownFileType = sourcecode.c.objc; name = RXMLElement.m; path = Vendor/RaptureXML/RaptureXML/RXMLElement.m; sourceTree = "<group>"; };
		DB5D2A84177FDC9D00DA1DEB /* libz.dylib */ = {isa = PBXFileReference; lastKnownFileType = "compiled.mach-o.dylib"; name = libz.dylib; path = usr/lib/libz.dylib; sourceTree = SDKROOT; };
		DB5D2A86177FDCA800DA1DEB /* libxml2.dylib */ = {isa = PBXFileReference; lastKnownFileType = "compiled.mach-o.dylib"; name = libxml2.dylib; path = usr/lib/libxml2.dylib; sourceTree = SDKROOT; };
		DB5D2A89177FDE4C00DA1DEB /* AFRXMLRequestOperation.h */ = {isa = PBXFileReference; fileEncoding = 4; lastKnownFileType = sourcecode.c.h; path = AFRXMLRequestOperation.h; sourceTree = "<group>"; };
		DB5D2A8A177FDE4C00DA1DEB /* AFRXMLRequestOperation.m */ = {isa = PBXFileReference; fileEncoding = 4; lastKnownFileType = sourcecode.c.objc; path = AFRXMLRequestOperation.m; sourceTree = "<group>"; };
		DBA6C577178181290063F7B3 /* Podcast.xcdatamodel */ = {isa = PBXFileReference; lastKnownFileType = wrapper.xcdatamodel; path = Podcast.xcdatamodel; sourceTree = "<group>"; };
		DBCCA47A17812B5600D0A09B /* Accelerate.framework */ = {isa = PBXFileReference; lastKnownFileType = wrapper.framework; name = Accelerate.framework; path = System/Library/Frameworks/Accelerate.framework; sourceTree = SDKROOT; };
/* End PBXFileReference section */

/* Begin PBXFrameworksBuildPhase section */
		B9D16029177C0B9A00FE0061 /* Frameworks */ = {
			isa = PBXFrameworksBuildPhase;
			buildActionMask = 2147483647;
			files = (
				B94188D81783DA3F00C2DCD1 /* CoreData.framework in Frameworks */,
				DBCCA47B17812B5600D0A09B /* Accelerate.framework in Frameworks */,
				DB5D2A87177FDCA800DA1DEB /* libxml2.dylib in Frameworks */,
				DB5D2A85177FDC9D00DA1DEB /* libz.dylib in Frameworks */,
				DB20827E177E8B70001DC559 /* AudioToolbox.framework in Frameworks */,
				DB20827F177E8B70001DC559 /* CoreAudio.framework in Frameworks */,
				B9D16071177C108200FE0061 /* MobileCoreServices.framework in Frameworks */,
				B9D1606F177C107B00FE0061 /* SystemConfiguration.framework in Frameworks */,
				B9D1606D177C106E00FE0061 /* QuartzCore.framework in Frameworks */,
				B9D16032177C0B9A00FE0061 /* CoreGraphics.framework in Frameworks */,
				B9D16034177C0B9A00FE0061 /* UIKit.framework in Frameworks */,
				B9D16030177C0B9A00FE0061 /* Foundation.framework in Frameworks */,
			);
			runOnlyForDeploymentPostprocessing = 0;
		};
		B9D1604A177C0B9A00FE0061 /* Frameworks */ = {
			isa = PBXFrameworksBuildPhase;
			buildActionMask = 2147483647;
			files = (
				B9D1604F177C0B9A00FE0061 /* XCTest.framework in Frameworks */,
				B9D16051177C0B9A00FE0061 /* UIKit.framework in Frameworks */,
				B9D16050177C0B9A00FE0061 /* Foundation.framework in Frameworks */,
			);
			runOnlyForDeploymentPostprocessing = 0;
		};
/* End PBXFrameworksBuildPhase section */

/* Begin PBXGroup section */
		B9D16023177C0B9A00FE0061 = {
			isa = PBXGroup;
			children = (
				B9D16064177C0FC300FE0061 /* Vendor */,
				B9D16035177C0B9A00FE0061 /* Podcast */,
				B9D16054177C0B9A00FE0061 /* PodcastTests */,
				B9D1602E177C0B9A00FE0061 /* Frameworks */,
				B9D1602D177C0B9A00FE0061 /* Products */,
			);
			sourceTree = "<group>";
		};
		B9D1602D177C0B9A00FE0061 /* Products */ = {
			isa = PBXGroup;
			children = (
				B9D1602C177C0B9A00FE0061 /* ESLPod.app */,
				B9D1604D177C0B9A00FE0061 /* PodcastTests.xctest */,
			);
			name = Products;
			sourceTree = "<group>";
		};
		B9D1602E177C0B9A00FE0061 /* Frameworks */ = {
			isa = PBXGroup;
			children = (
				B94188D71783DA3F00C2DCD1 /* CoreData.framework */,
				DBCCA47A17812B5600D0A09B /* Accelerate.framework */,
				DB5D2A86177FDCA800DA1DEB /* libxml2.dylib */,
				DB5D2A84177FDC9D00DA1DEB /* libz.dylib */,
				DB20827C177E8B70001DC559 /* AudioToolbox.framework */,
				DB20827D177E8B70001DC559 /* CoreAudio.framework */,
				B9D16070177C108200FE0061 /* MobileCoreServices.framework */,
				B9D1606E177C107B00FE0061 /* SystemConfiguration.framework */,
				B9D1606C177C106E00FE0061 /* QuartzCore.framework */,
				B9D1602F177C0B9A00FE0061 /* Foundation.framework */,
				B9D16031177C0B9A00FE0061 /* CoreGraphics.framework */,
				B9D16033177C0B9A00FE0061 /* UIKit.framework */,
				B9D1604E177C0B9A00FE0061 /* XCTest.framework */,
			);
			name = Frameworks;
			sourceTree = "<group>";
		};
		B9D16035177C0B9A00FE0061 /* Podcast */ = {
			isa = PBXGroup;
			children = (
				B9D9E3771782C0020099F5A8 /* Additions */,
				DB5D2A88177FDDF800DA1DEB /* AFNetworking Extensions */,
				DB208284177ED811001DC559 /* Core */,
				B9D16068177C0FE000FE0061 /* Models */,
				B9D16067177C0FDB00FE0061 /* Views */,
				B9D16066177C0FD300FE0061 /* Controllers */,
				B9D1603E177C0B9A00FE0061 /* AppDelegate.h */,
				B9D1603F177C0B9A00FE0061 /* AppDelegate.m */,
				B9D16041177C0B9A00FE0061 /* Main.storyboard */,
				B9D16047177C0B9A00FE0061 /* Images.xcassets */,
				B9D16036177C0B9A00FE0061 /* Supporting Files */,
			);
			path = Podcast;
			sourceTree = "<group>";
		};
		B9D16036177C0B9A00FE0061 /* Supporting Files */ = {
			isa = PBXGroup;
			children = (
				B9D16037177C0B9A00FE0061 /* Podcast-Info.plist */,
				B9D16038177C0B9A00FE0061 /* InfoPlist.strings */,
				B9D1603B177C0B9A00FE0061 /* main.m */,
				B9D1603D177C0B9A00FE0061 /* Podcast-Prefix.pch */,
			);
			name = "Supporting Files";
			sourceTree = "<group>";
		};
		B9D16054177C0B9A00FE0061 /* PodcastTests */ = {
			isa = PBXGroup;
			children = (
				B9D1605A177C0B9A00FE0061 /* PodcastTests.m */,
				B9D16055177C0B9A00FE0061 /* Supporting Files */,
			);
			path = PodcastTests;
			sourceTree = "<group>";
		};
		B9D16055177C0B9A00FE0061 /* Supporting Files */ = {
			isa = PBXGroup;
			children = (
				B9D16056177C0B9A00FE0061 /* PodcastTests-Info.plist */,
				B9D16057177C0B9A00FE0061 /* InfoPlist.strings */,
			);
			name = "Supporting Files";
			sourceTree = "<group>";
		};
		B9D16064177C0FC300FE0061 /* Vendor */ = {
			isa = PBXGroup;
			children = (
				DB364F73178964D600190BE0 /* SVPullToRefresh */,
				DB5D2A80177FDC5D00DA1DEB /* RaptureXML */,
				DB208244177E8B4A001DC559 /* DOUAudioStreamer */,
				B9D160DF177C123A00FE0061 /* ViewDeck */,
				B9D1606B177C0FFA00FE0061 /* AFNetworking */,
				B9D16065177C0FCA00FE0061 /* Nimbus */,
			);
			name = Vendor;
			sourceTree = "<group>";
		};
		B9D16065177C0FCA00FE0061 /* Nimbus */ = {
			isa = PBXGroup;
			children = (
				B9D1606A177C0FF300FE0061 /* Network Image */,
				B9D16069177C0FEC00FE0061 /* Core */,
			);
			name = Nimbus;
			sourceTree = "<group>";
		};
		B9D16066177C0FD300FE0061 /* Controllers */ = {
			isa = PBXGroup;
			children = (
				B9D160E9177C12A500FE0061 /* ALMenuViewController.h */,
				B9D160EA177C12A500FE0061 /* ALMenuViewController.m */,
				B9D160F5177C17CB00FE0061 /* ALSettingViewController.h */,
				B9D160F6177C17CB00FE0061 /* ALSettingViewController.m */,
				B9D160FB177C1FA500FE0061 /* ALPodcastPlayerViewController.h */,
				B9D160FC177C1FA500FE0061 /* ALPodcastPlayerViewController.m */,
				DB01324A17809AA3008445B2 /* ALSendFeedbackViewController.h */,
				DB01324B17809AA3008445B2 /* ALSendFeedbackViewController.m */,
			);
			name = Controllers;
			sourceTree = "<group>";
		};
		B9D16067177C0FDB00FE0061 /* Views */ = {
			isa = PBXGroup;
			children = (
				B9D160F2177C15CE00FE0061 /* ALMenuCell.h */,
				B9D160F3177C15CE00FE0061 /* ALMenuCell.m */,
				B9D16101177C2AA400FE0061 /* ALPodcastPlayerView.h */,
				B9D16102177C2AA400FE0061 /* ALPodcastPlayerView.m */,
				B9D16104177C2AB400FE0061 /* ALPodcastPlayerView.xib */,
				B9C757EA177D46170000004E /* AlLiveBlurView.h */,
				B9C757EB177D46170000004E /* AlLiveBlurView.m */,
				B9C757ED177D87AF0000004E /* ALPodcastItemCell.h */,
				B9C757EE177D87AF0000004E /* ALPodcastItemCell.m */,
				B9C757F0177D89CD0000004E /* ALDynamicCollectionViewFlowLayout.h */,
				B9C757F1177D89CD0000004E /* ALDynamicCollectionViewFlowLayout.m */,
				DB0132441780777E008445B2 /* ALUIScrollView.h */,
				DB0132451780777E008445B2 /* ALUIScrollView.m */,
				B9A1A50F17BA105F003A12AE /* ALDownloadButton.h */,
				B9A1A51017BA105F003A12AE /* ALDownloadButton.m */,
			);
			name = Views;
			sourceTree = "<group>";
		};
		B9D16068177C0FE000FE0061 /* Models */ = {
			isa = PBXGroup;
			children = (
				B94188DC178401FC00C2DCD1 /* ALFeedInfo.h */,
				B94188DD178401FC00C2DCD1 /* ALFeedInfo.m */,
				DBA6C576178181290063F7B3 /* Podcast.xcdatamodeld */,
				B9A1A51217BA3013003A12AE /* ALFeedItem.h */,
				B9A1A51317BA3013003A12AE /* ALFeedItem.m */,
				B94188C21783D33F00C2DCD1 /* ALPodcastStore.h */,
				B94188C31783D33F00C2DCD1 /* ALPodcastStore.m */,
				B94188CE1783D75200C2DCD1 /* ALFeedItem+Additions.h */,
				B94188CF1783D75200C2DCD1 /* ALFeedItem+Additions.m */,
			);
			name = Models;
			sourceTree = "<group>";
		};
		B9D16069177C0FEC00FE0061 /* Core */ = {
			isa = PBXGroup;
			children = (
				B9D16072177C10D900FE0061 /* NIActions.h */,
				B9D16073177C10D900FE0061 /* NIActions.m */,
				B9D16074177C10D900FE0061 /* NIActions+Subclassing.h */,
				B9D16075177C10D900FE0061 /* NIButtonUtilities.h */,
				B9D16076177C10D900FE0061 /* NIButtonUtilities.m */,
				B9D16077177C10D900FE0061 /* NICommonMetrics.h */,
				B9D16078177C10D900FE0061 /* NICommonMetrics.m */,
				B9D16079177C10D900FE0061 /* NIDataStructures.h */,
				B9D1607A177C10D900FE0061 /* NIDataStructures.m */,
				B9D1607B177C10D900FE0061 /* NIDebuggingTools.h */,
				B9D1607C177C10D900FE0061 /* NIDebuggingTools.m */,
				B9D1607D177C10D900FE0061 /* NIDeviceOrientation.h */,
				B9D1607E177C10D900FE0061 /* NIDeviceOrientation.m */,
				B9D1607F177C10D900FE0061 /* NIError.h */,
				B9D16080177C10D900FE0061 /* NIError.m */,
				B9D16081177C10D900FE0061 /* NIFoundationMethods.h */,
				B9D16082177C10D900FE0061 /* NIFoundationMethods.m */,
				B9D16083177C10D900FE0061 /* NIImageUtilities.h */,
				B9D16084177C10D900FE0061 /* NIImageUtilities.m */,
				B9D16085177C10D900FE0061 /* NIInMemoryCache.h */,
				B9D16086177C10D900FE0061 /* NIInMemoryCache.m */,
				B9D16087177C10D900FE0061 /* NIInvocationMethods.h */,
				B9D16088177C10D900FE0061 /* NIInvocationMethods.m */,
				B9D16089177C10D900FE0061 /* NimbusCore.h */,
				B9D1608A177C10D900FE0061 /* NimbusCore+Additions.h */,
				B9D1608B177C10D900FE0061 /* NINavigationAppearance.h */,
				B9D1608C177C10D900FE0061 /* NINavigationAppearance.m */,
				B9D1608D177C10D900FE0061 /* NINetworkActivity.h */,
				B9D1608E177C10D900FE0061 /* NINetworkActivity.m */,
				B9D1608F177C10D900FE0061 /* NINonEmptyCollectionTesting.h */,
				B9D16090177C10D900FE0061 /* NINonEmptyCollectionTesting.m */,
				B9D16091177C10D900FE0061 /* NINonRetainingCollections.h */,
				B9D16092177C10D900FE0061 /* NINonRetainingCollections.m */,
				B9D16093177C10D900FE0061 /* NIOperations.h */,
				B9D16094177C10D900FE0061 /* NIOperations.m */,
				B9D16095177C10D900FE0061 /* NIOperations+Subclassing.h */,
				B9D16096177C10D900FE0061 /* NIPaths.h */,
				B9D16097177C10D900FE0061 /* NIPaths.m */,
				B9D16098177C10D900FE0061 /* NIPreprocessorMacros.h */,
				B9D16099177C10D900FE0061 /* NIRuntimeClassModifications.h */,
				B9D1609A177C10D900FE0061 /* NIRuntimeClassModifications.m */,
				B9D1609B177C10D900FE0061 /* NISDKAvailability.h */,
				B9D1609C177C10D900FE0061 /* NISDKAvailability.m */,
				B9D1609D177C10D900FE0061 /* NISnapshotRotation.h */,
				B9D1609E177C10D900FE0061 /* NISnapshotRotation.m */,
				B9D1609F177C10D900FE0061 /* NIState.h */,
				B9D160A0177C10D900FE0061 /* NIState.m */,
				B9D160A1177C10D900FE0061 /* NIViewRecycler.h */,
				B9D160A2177C10D900FE0061 /* NIViewRecycler.m */,
				B9D160A3177C10D900FE0061 /* NSString+NimbusCore.h */,
				B9D160A4177C10D900FE0061 /* NSString+NimbusCore.m */,
			);
			name = Core;
			sourceTree = "<group>";
		};
		B9D1606A177C0FF300FE0061 /* Network Image */ = {
			isa = PBXGroup;
			children = (
				B9D160BC177C10EF00FE0061 /* NIImageProcessing.h */,
				B9D160BD177C10EF00FE0061 /* NIImageProcessing.m */,
				B9D160BE177C10EF00FE0061 /* NimbusNetworkImage.h */,
				B9D160BF177C10EF00FE0061 /* NINetworkImageView.h */,
				B9D160C0177C10EF00FE0061 /* NINetworkImageView.m */,
			);
			name = "Network Image";
			sourceTree = "<group>";
		};
		B9D1606B177C0FFA00FE0061 /* AFNetworking */ = {
			isa = PBXGroup;
			children = (
				B9D160C3177C10FF00FE0061 /* AFHTTPClient.h */,
				B9D160C4177C10FF00FE0061 /* AFHTTPClient.m */,
				B9D160C5177C10FF00FE0061 /* AFHTTPRequestOperation.h */,
				B9D160C6177C10FF00FE0061 /* AFHTTPRequestOperation.m */,
				B9D160C7177C10FF00FE0061 /* AFImageRequestOperation.h */,
				B9D160C8177C10FF00FE0061 /* AFImageRequestOperation.m */,
				B9D160C9177C10FF00FE0061 /* AFJSONRequestOperation.h */,
				B9D160CA177C10FF00FE0061 /* AFJSONRequestOperation.m */,
				B9D160CB177C10FF00FE0061 /* AFNetworkActivityIndicatorManager.h */,
				B9D160CC177C10FF00FE0061 /* AFNetworkActivityIndicatorManager.m */,
				B9D160CD177C10FF00FE0061 /* AFNetworking.h */,
				B9D160CE177C10FF00FE0061 /* AFPropertyListRequestOperation.h */,
				B9D160CF177C10FF00FE0061 /* AFPropertyListRequestOperation.m */,
				B9D160D0177C10FF00FE0061 /* AFURLConnectionOperation.h */,
				B9D160D1177C10FF00FE0061 /* AFURLConnectionOperation.m */,
				B9D160D2177C10FF00FE0061 /* AFXMLRequestOperation.h */,
				B9D160D3177C10FF00FE0061 /* AFXMLRequestOperation.m */,
				B9D160D4177C10FF00FE0061 /* UIImageView+AFNetworking.h */,
				B9D160D5177C10FF00FE0061 /* UIImageView+AFNetworking.m */,
			);
			name = AFNetworking;
			sourceTree = "<group>";
		};
		B9D160DF177C123A00FE0061 /* ViewDeck */ = {
			isa = PBXGroup;
			children = (
				B9D160E0177C125900FE0061 /* IISideController.h */,
				B9D160E1177C125900FE0061 /* IISideController.m */,
				B9D160E2177C125900FE0061 /* IIViewDeckController.h */,
				B9D160E3177C125900FE0061 /* IIViewDeckController.m */,
				B9D160E4177C125900FE0061 /* IIWrapController.h */,
				B9D160E5177C125900FE0061 /* IIWrapController.m */,
			);
			name = ViewDeck;
			sourceTree = "<group>";
		};
		B9D9E3771782C0020099F5A8 /* Additions */ = {
			isa = PBXGroup;
			children = (
				B9D9E3781782C0150099F5A8 /* UIColor+Additions.h */,
				B9D9E3791782C0150099F5A8 /* UIColor+Additions.m */,
				B9D9E37A1782C0150099F5A8 /* UIImage+Additions.h */,
				B9D9E37B1782C0150099F5A8 /* UIImage+Additions.m */,
				B9DD25ED17851CEA0044F07C /* NSString+Additions.h */,
				B9DD25EE17851CEA0044F07C /* NSString+Additions.m */,
				DB364F701789600400190BE0 /* UIScrollView+Additions.h */,
				DB364F711789600400190BE0 /* UIScrollView+Additions.m */,
			);
			name = Additions;
			sourceTree = "<group>";
		};
		DB208244177E8B4A001DC559 /* DOUAudioStreamer */ = {
			isa = PBXGroup;
			children = (
				DB208245177E8B5C001DC559 /* DOUAudioAnalyzer_Private.h */,
				DB208246177E8B5C001DC559 /* DOUAudioAnalyzer.h */,
				DB208247177E8B5C001DC559 /* DOUAudioAnalyzer.m */,
				DB208248177E8B5C001DC559 /* DOUAudioAnalyzer+Default.h */,
				DB208249177E8B5C001DC559 /* DOUAudioAnalyzer+Default.m */,
				DB20824A177E8B5C001DC559 /* DOUAudioBase.h */,
				DB20824B177E8B5C001DC559 /* DOUAudioDecoder.h */,
				DB20824C177E8B5C001DC559 /* DOUAudioDecoder.m */,
				DB20824D177E8B5C001DC559 /* DOUAudioEventLoop.h */,
				DB20824E177E8B5C001DC559 /* DOUAudioEventLoop.m */,
				DB20824F177E8B5C001DC559 /* DOUAudioFile.h */,
				DB208250177E8B5C001DC559 /* DOUAudioFilePreprocessor.h */,
				DB208251177E8B5C001DC559 /* DOUAudioFilePreprocessor.m */,
				DB208252177E8B5C001DC559 /* DOUAudioFileProvider.h */,
				DB208253177E8B5C001DC559 /* DOUAudioFileProvider.m */,
				DB208254177E8B5C001DC559 /* DOUAudioFrequencyAnalyzer.h */,
				DB208255177E8B5C001DC559 /* DOUAudioFrequencyAnalyzer.m */,
				DB208256177E8B5C001DC559 /* DOUAudioLPCM.h */,
				DB208257177E8B5C001DC559 /* DOUAudioLPCM.m */,
				DB208258177E8B5C001DC559 /* DOUAudioPlaybackItem.h */,
				DB208259177E8B5C001DC559 /* DOUAudioPlaybackItem.m */,
				DB20825A177E8B5C001DC559 /* DOUAudioRenderer.h */,
				DB20825B177E8B5C001DC559 /* DOUAudioRenderer.m */,
				DB20825C177E8B5C001DC559 /* DOUAudioSpatialAnalyzer.h */,
				DB20825D177E8B5C001DC559 /* DOUAudioSpatialAnalyzer.m */,
				DB20825E177E8B5C001DC559 /* DOUAudioStreamer_Private.h */,
				DB20825F177E8B5C001DC559 /* DOUAudioStreamer.h */,
				DB208260177E8B5C001DC559 /* DOUAudioStreamer.m */,
				DB208261177E8B5C001DC559 /* DOUAudioVisualizer.h */,
				DB208262177E8B5C001DC559 /* DOUAudioVisualizer.m */,
				DB208263177E8B5C001DC559 /* DOUEAGL1View.h */,
				DB208264177E8B5C001DC559 /* DOUEAGL1View.m */,
				DB208265177E8B5C001DC559 /* DOUEAGLView.h */,
				DB208266177E8B5C001DC559 /* DOUEAGLView.m */,
				DB208267177E8B5C001DC559 /* DOUSimpleHTTPRequest.h */,
				DB208268177E8B5C001DC559 /* DOUSimpleHTTPRequest.m */,
				DB208269177E8B5C001DC559 /* NSData+DOUMappedFile.h */,
				DB20826A177E8B5C001DC559 /* NSData+DOUMappedFile.m */,
			);
			name = DOUAudioStreamer;
			sourceTree = "<group>";
		};
		DB208284177ED811001DC559 /* Core */ = {
			isa = PBXGroup;
			children = (
				B9D160EF177C13C100FE0061 /* ALStoryboard.h */,
				B9D160F0177C13C100FE0061 /* ALStoryboard.m */,
				DB013247178081F0008445B2 /* ALPodcastPlayer.h */,
				DB013248178081F0008445B2 /* ALPodcastPlayer.m */,
			);
			name = Core;
			sourceTree = "<group>";
		};
		DB364F73178964D600190BE0 /* SVPullToRefresh */ = {
			isa = PBXGroup;
			children = (
				DB364F74178964D600190BE0 /* SVPullToRefresh.h */,
				DB364F77178964D600190BE0 /* UIScrollView+SVPullToRefresh.h */,
				DB364F78178964D600190BE0 /* UIScrollView+SVPullToRefresh.m */,
			);
			name = SVPullToRefresh;
			path = Vendor/SVPullToRefresh;
			sourceTree = "<group>";
		};
		DB5D2A80177FDC5D00DA1DEB /* RaptureXML */ = {
			isa = PBXGroup;
			children = (
				DB5D2A81177FDC6E00DA1DEB /* RXMLElement.h */,
				DB5D2A82177FDC6E00DA1DEB /* RXMLElement.m */,
			);
			name = RaptureXML;
			sourceTree = "<group>";
		};
		DB5D2A88177FDDF800DA1DEB /* AFNetworking Extensions */ = {
			isa = PBXGroup;
			children = (
				DB5D2A89177FDE4C00DA1DEB /* AFRXMLRequestOperation.h */,
				DB5D2A8A177FDE4C00DA1DEB /* AFRXMLRequestOperation.m */,
			);
			name = "AFNetworking Extensions";
			sourceTree = "<group>";
		};
/* End PBXGroup section */

/* Begin PBXNativeTarget section */
		B9D1602B177C0B9A00FE0061 /* Podcast */ = {
			isa = PBXNativeTarget;
			buildConfigurationList = B9D1605E177C0B9A00FE0061 /* Build configuration list for PBXNativeTarget "Podcast" */;
			buildPhases = (
				B9D16028177C0B9A00FE0061 /* Sources */,
				B9D16029177C0B9A00FE0061 /* Frameworks */,
				B9D1602A177C0B9A00FE0061 /* Resources */,
			);
			buildRules = (
			);
			dependencies = (
			);
			name = Podcast;
			productName = Podcast;
			productReference = B9D1602C177C0B9A00FE0061 /* ESLPod.app */;
			productType = "com.apple.product-type.application";
		};
		B9D1604C177C0B9A00FE0061 /* PodcastTests */ = {
			isa = PBXNativeTarget;
			buildConfigurationList = B9D16061177C0B9A00FE0061 /* Build configuration list for PBXNativeTarget "PodcastTests" */;
			buildPhases = (
				B9D16049177C0B9A00FE0061 /* Sources */,
				B9D1604A177C0B9A00FE0061 /* Frameworks */,
				B9D1604B177C0B9A00FE0061 /* Resources */,
			);
			buildRules = (
			);
			dependencies = (
				B9D16053177C0B9A00FE0061 /* PBXTargetDependency */,
			);
			name = PodcastTests;
			productName = PodcastTests;
			productReference = B9D1604D177C0B9A00FE0061 /* PodcastTests.xctest */;
			productType = "com.apple.product-type.bundle.unit-test";
		};
/* End PBXNativeTarget section */

/* Begin PBXProject section */
		B9D16024177C0B9A00FE0061 /* Project object */ = {
			isa = PBXProject;
			attributes = {
				LastUpgradeCheck = 0500;
				ORGANIZATIONNAME = "Ogilvy & Mather (s) Pte Ltd";
				TargetAttributes = {
					B9D1602B177C0B9A00FE0061 = {
						SystemCapabilities = {
							com.apple.BackgroundModes = {
								enabled = 1;
							};
						};
					};
					B9D1604C177C0B9A00FE0061 = {
						TestTargetID = B9D1602B177C0B9A00FE0061;
					};
				};
			};
			buildConfigurationList = B9D16027177C0B9A00FE0061 /* Build configuration list for PBXProject "Podcast" */;
			compatibilityVersion = "Xcode 3.2";
			developmentRegion = English;
			hasScannedForEncodings = 0;
			knownRegions = (
				en,
				Base,
			);
			mainGroup = B9D16023177C0B9A00FE0061;
			productRefGroup = B9D1602D177C0B9A00FE0061 /* Products */;
			projectDirPath = "";
			projectRoot = "";
			targets = (
				B9D1602B177C0B9A00FE0061 /* Podcast */,
				B9D1604C177C0B9A00FE0061 /* PodcastTests */,
			);
		};
/* End PBXProject section */

/* Begin PBXResourcesBuildPhase section */
		B9D1602A177C0B9A00FE0061 /* Resources */ = {
			isa = PBXResourcesBuildPhase;
			buildActionMask = 2147483647;
			files = (
				B9D16105177C2AB400FE0061 /* ALPodcastPlayerView.xib in Resources */,
				B9D16048177C0B9A00FE0061 /* Images.xcassets in Resources */,
				B9D1603A177C0B9A00FE0061 /* InfoPlist.strings in Resources */,
				B9D16043177C0B9A00FE0061 /* Main.storyboard in Resources */,
			);
			runOnlyForDeploymentPostprocessing = 0;
		};
		B9D1604B177C0B9A00FE0061 /* Resources */ = {
			isa = PBXResourcesBuildPhase;
			buildActionMask = 2147483647;
			files = (
				B9D16059177C0B9A00FE0061 /* InfoPlist.strings in Resources */,
			);
			runOnlyForDeploymentPostprocessing = 0;
		};
/* End PBXResourcesBuildPhase section */

/* Begin PBXSourcesBuildPhase section */
		B9D16028177C0B9A00FE0061 /* Sources */ = {
			isa = PBXSourcesBuildPhase;
			buildActionMask = 2147483647;
			files = (
				DB208271177E8B5C001DC559 /* DOUAudioFrequencyAnalyzer.m in Sources */,
				B9C757F2177D89CD0000004E /* ALDynamicCollectionViewFlowLayout.m in Sources */,
				B9A1A51417BA3013003A12AE /* ALFeedItem.m in Sources */,
				B9D160A9177C10D900FE0061 /* NIDebuggingTools.m in Sources */,
				B9D160F1177C13C100FE0061 /* ALStoryboard.m in Sources */,
				B9D160B2177C10D900FE0061 /* NINonEmptyCollectionTesting.m in Sources */,
				DB20826E177E8B5C001DC559 /* DOUAudioEventLoop.m in Sources */,
				B9D160BA177C10D900FE0061 /* NIViewRecycler.m in Sources */,
				DB208270177E8B5C001DC559 /* DOUAudioFileProvider.m in Sources */,
				B9D160BB177C10D900FE0061 /* NSString+NimbusCore.m in Sources */,
				DB20826F177E8B5C001DC559 /* DOUAudioFilePreprocessor.m in Sources */,
				B9D160B5177C10D900FE0061 /* NIPaths.m in Sources */,
				B9D16040177C0B9A00FE0061 /* AppDelegate.m in Sources */,
				B9D160B4177C10D900FE0061 /* NIOperations.m in Sources */,
				B9D160FD177C1FA500FE0061 /* ALPodcastPlayerViewController.m in Sources */,
				DB20826B177E8B5C001DC559 /* DOUAudioAnalyzer.m in Sources */,
				DB01324C17809AA3008445B2 /* ALSendFeedbackViewController.m in Sources */,
				B9D160AD177C10D900FE0061 /* NIImageUtilities.m in Sources */,
				B9D160AB177C10D900FE0061 /* NIError.m in Sources */,
				DB20827B177E8B5C001DC559 /* NSData+DOUMappedFile.m in Sources */,
				B9D160B3177C10D900FE0061 /* NINonRetainingCollections.m in Sources */,
				B9D160A5177C10D900FE0061 /* NIActions.m in Sources */,
				DB364F721789600400190BE0 /* UIScrollView+Additions.m in Sources */,
				B9D9E37C1782C0150099F5A8 /* UIColor+Additions.m in Sources */,
				DB208279177E8B5C001DC559 /* DOUEAGLView.m in Sources */,
				DB208276177E8B5C001DC559 /* DOUAudioStreamer.m in Sources */,
				DB5D2A83177FDC6E00DA1DEB /* RXMLElement.m in Sources */,
				B9D160F7177C17CB00FE0061 /* ALSettingViewController.m in Sources */,
				DB208278177E8B5C001DC559 /* DOUEAGL1View.m in Sources */,
				DB208273177E8B5C001DC559 /* DOUAudioPlaybackItem.m in Sources */,
				B9D160DE177C10FF00FE0061 /* UIImageView+AFNetworking.m in Sources */,
				B9D160D7177C10FF00FE0061 /* AFHTTPRequestOperation.m in Sources */,
				B9D160AC177C10D900FE0061 /* NIFoundationMethods.m in Sources */,
				B94188DE178401FC00C2DCD1 /* ALFeedInfo.m in Sources */,
				B9D160DC177C10FF00FE0061 /* AFURLConnectionOperation.m in Sources */,
				B9D160F4177C15CE00FE0061 /* ALMenuCell.m in Sources */,
				B9D16103177C2AA400FE0061 /* ALPodcastPlayerView.m in Sources */,
				B9D160D9177C10FF00FE0061 /* AFJSONRequestOperation.m in Sources */,
				B9D160D6177C10FF00FE0061 /* AFHTTPClient.m in Sources */,
				DB013249178081F0008445B2 /* ALPodcastPlayer.m in Sources */,
				B9D160AF177C10D900FE0061 /* NIInvocationMethods.m in Sources */,
				B9D160C1177C10EF00FE0061 /* NIImageProcessing.m in Sources */,
				B9DD25EF17851CEA0044F07C /* NSString+Additions.m in Sources */,
				B9D160D8177C10FF00FE0061 /* AFImageRequestOperation.m in Sources */,
				DB208275177E8B5C001DC559 /* DOUAudioSpatialAnalyzer.m in Sources */,
				B9D160E8177C125900FE0061 /* IIWrapController.m in Sources */,
				B9C757EC177D46170000004E /* AlLiveBlurView.m in Sources */,
				B94188C41783D33F00C2DCD1 /* ALPodcastStore.m in Sources */,
				B9D160B6177C10D900FE0061 /* NIRuntimeClassModifications.m in Sources */,
				B9A1A51117BA105F003A12AE /* ALDownloadButton.m in Sources */,
				B9D160B0177C10D900FE0061 /* NINavigationAppearance.m in Sources */,
				B9D160A8177C10D900FE0061 /* NIDataStructures.m in Sources */,
				B9D1603C177C0B9A00FE0061 /* main.m in Sources */,
				DB208277177E8B5C001DC559 /* DOUAudioVisualizer.m in Sources */,
				B9D160B8177C10D900FE0061 /* NISnapshotRotation.m in Sources */,
				B9D160E6177C125900FE0061 /* IISideController.m in Sources */,
				DB208274177E8B5C001DC559 /* DOUAudioRenderer.m in Sources */,
				DBA6C578178181290063F7B3 /* Podcast.xcdatamodeld in Sources */,
				B9D160DB177C10FF00FE0061 /* AFPropertyListRequestOperation.m in Sources */,
				DB364F7A178964D600190BE0 /* UIScrollView+SVPullToRefresh.m in Sources */,
				B9D160AE177C10D900FE0061 /* NIInMemoryCache.m in Sources */,
				B9D160E7177C125900FE0061 /* IIViewDeckController.m in Sources */,
				B9D160B1177C10D900FE0061 /* NINetworkActivity.m in Sources */,
				DB20827A177E8B5C001DC559 /* DOUSimpleHTTPRequest.m in Sources */,
				DB20826C177E8B5C001DC559 /* DOUAudioAnalyzer+Default.m in Sources */,
				DB20826D177E8B5C001DC559 /* DOUAudioDecoder.m in Sources */,
				B9D9E37D1782C0150099F5A8 /* UIImage+Additions.m in Sources */,
				B9D160DD177C10FF00FE0061 /* AFXMLRequestOperation.m in Sources */,
				B9D160DA177C10FF00FE0061 /* AFNetworkActivityIndicatorManager.m in Sources */,
				B9D160C2177C10EF00FE0061 /* NINetworkImageView.m in Sources */,
				DB208272177E8B5C001DC559 /* DOUAudioLPCM.m in Sources */,
				B9C757EF177D87AF0000004E /* ALPodcastItemCell.m in Sources */,
				B9D160A6177C10D900FE0061 /* NIButtonUtilities.m in Sources */,
				B9D160B9177C10D900FE0061 /* NIState.m in Sources */,
				B9D160EB177C12A500FE0061 /* ALMenuViewController.m in Sources */,
				DB5D2A8B177FDE4C00DA1DEB /* AFRXMLRequestOperation.m in Sources */,
				B9D160AA177C10D900FE0061 /* NIDeviceOrientation.m in Sources */,
				B9D160B7177C10D900FE0061 /* NISDKAvailability.m in Sources */,
				B94188D01783D75200C2DCD1 /* ALFeedItem+Additions.m in Sources */,
				DB0132461780777E008445B2 /* ALUIScrollView.m in Sources */,
				B9D160A7177C10D900FE0061 /* NICommonMetrics.m in Sources */,
			);
			runOnlyForDeploymentPostprocessing = 0;
		};
		B9D16049177C0B9A00FE0061 /* Sources */ = {
			isa = PBXSourcesBuildPhase;
			buildActionMask = 2147483647;
			files = (
				B9D1605B177C0B9A00FE0061 /* PodcastTests.m in Sources */,
			);
			runOnlyForDeploymentPostprocessing = 0;
		};
/* End PBXSourcesBuildPhase section */

/* Begin PBXTargetDependency section */
		B9D16053177C0B9A00FE0061 /* PBXTargetDependency */ = {
			isa = PBXTargetDependency;
			target = B9D1602B177C0B9A00FE0061 /* Podcast */;
			targetProxy = B9D16052177C0B9A00FE0061 /* PBXContainerItemProxy */;
		};
/* End PBXTargetDependency section */

/* Begin PBXVariantGroup section */
		B9D16038177C0B9A00FE0061 /* InfoPlist.strings */ = {
			isa = PBXVariantGroup;
			children = (
				B9D16039177C0B9A00FE0061 /* en */,
			);
			name = InfoPlist.strings;
			sourceTree = "<group>";
		};
		B9D16041177C0B9A00FE0061 /* Main.storyboard */ = {
			isa = PBXVariantGroup;
			children = (
				B9D16042177C0B9A00FE0061 /* Base */,
			);
			name = Main.storyboard;
			sourceTree = "<group>";
		};
		B9D16057177C0B9A00FE0061 /* InfoPlist.strings */ = {
			isa = PBXVariantGroup;
			children = (
				B9D16058177C0B9A00FE0061 /* en */,
			);
			name = InfoPlist.strings;
			sourceTree = "<group>";
		};
/* End PBXVariantGroup section */

/* Begin XCBuildConfiguration section */
		B9D1605C177C0B9A00FE0061 /* Debug */ = {
			isa = XCBuildConfiguration;
			buildSettings = {
				ALWAYS_SEARCH_USER_PATHS = NO;
				CLANG_CXX_LANGUAGE_STANDARD = "gnu++0x";
				CLANG_CXX_LIBRARY = "libc++";
				CLANG_ENABLE_MODULES = YES;
				CLANG_ENABLE_OBJC_ARC = YES;
				CLANG_WARN_BOOL_CONVERSION = YES;
				CLANG_WARN_CONSTANT_CONVERSION = YES;
				CLANG_WARN_DIRECT_OBJC_ISA_USAGE = YES_ERROR;
				CLANG_WARN_EMPTY_BODY = YES;
				CLANG_WARN_ENUM_CONVERSION = YES;
				CLANG_WARN_INT_CONVERSION = YES;
				CLANG_WARN_OBJC_ROOT_CLASS = YES_ERROR;
				CLANG_WARN__DUPLICATE_METHOD_MATCH = YES;
				"CODE_SIGN_IDENTITY[sdk=iphoneos*]" = "iPhone Developer";
				COPY_PHASE_STRIP = NO;
				GCC_C_LANGUAGE_STANDARD = gnu99;
				GCC_DYNAMIC_NO_PIC = NO;
				GCC_OPTIMIZATION_LEVEL = 0;
				GCC_PREPROCESSOR_DEFINITIONS = (
					"DEBUG=1",
					"$(inherited)",
				);
				GCC_SYMBOLS_PRIVATE_EXTERN = NO;
				GCC_WARN_ABOUT_RETURN_TYPE = YES_ERROR;
				GCC_WARN_UNDECLARED_SELECTOR = YES;
				GCC_WARN_UNINITIALIZED_AUTOS = YES;
				GCC_WARN_UNUSED_FUNCTION = YES;
				GCC_WARN_UNUSED_VARIABLE = YES;
				IPHONEOS_DEPLOYMENT_TARGET = 7.0;
				ONLY_ACTIVE_ARCH = YES;
				SDKROOT = iphoneos;
			};
			name = Debug;
		};
		B9D1605D177C0B9A00FE0061 /* Release */ = {
			isa = XCBuildConfiguration;
			buildSettings = {
				ALWAYS_SEARCH_USER_PATHS = NO;
				CLANG_CXX_LANGUAGE_STANDARD = "gnu++0x";
				CLANG_CXX_LIBRARY = "libc++";
				CLANG_ENABLE_MODULES = YES;
				CLANG_ENABLE_OBJC_ARC = YES;
				CLANG_WARN_BOOL_CONVERSION = YES;
				CLANG_WARN_CONSTANT_CONVERSION = YES;
				CLANG_WARN_DIRECT_OBJC_ISA_USAGE = YES_ERROR;
				CLANG_WARN_EMPTY_BODY = YES;
				CLANG_WARN_ENUM_CONVERSION = YES;
				CLANG_WARN_INT_CONVERSION = YES;
				CLANG_WARN_OBJC_ROOT_CLASS = YES_ERROR;
				CLANG_WARN__DUPLICATE_METHOD_MATCH = YES;
				"CODE_SIGN_IDENTITY[sdk=iphoneos*]" = "iPhone Developer";
				COPY_PHASE_STRIP = YES;
				ENABLE_NS_ASSERTIONS = NO;
				GCC_C_LANGUAGE_STANDARD = gnu99;
				GCC_WARN_ABOUT_RETURN_TYPE = YES_ERROR;
				GCC_WARN_UNDECLARED_SELECTOR = YES;
				GCC_WARN_UNINITIALIZED_AUTOS = YES;
				GCC_WARN_UNUSED_FUNCTION = YES;
				GCC_WARN_UNUSED_VARIABLE = YES;
				IPHONEOS_DEPLOYMENT_TARGET = 7.0;
				SDKROOT = iphoneos;
				VALIDATE_PRODUCT = YES;
			};
			name = Release;
		};
		B9D1605F177C0B9A00FE0061 /* Debug */ = {
			isa = XCBuildConfiguration;
			buildSettings = {
				ASSETCATALOG_COMPILER_APPICON_NAME = AppIcon;
				ASSETCATALOG_COMPILER_LAUNCHIMAGE_NAME = LaunchImage;
				"CODE_SIGN_IDENTITY[sdk=iphoneos*]" = "iPhone Developer: Eddy Chan (S78C45RX4U)";
				GCC_PRECOMPILE_PREFIX_HEADER = YES;
				GCC_PREFIX_HEADER = "Podcast/Podcast-Prefix.pch";
				HEADER_SEARCH_PATHS = "\"$(SDK_DIR)\"/usr/include/libxml2";
				INFOPLIST_FILE = "Podcast/Podcast-Info.plist";
				IPHONEOS_DEPLOYMENT_TARGET = 7.0;
				PRODUCT_NAME = ESLPod;
				WRAPPER_EXTENSION = app;
			};
			name = Debug;
		};
		B9D16060177C0B9A00FE0061 /* Release */ = {
			isa = XCBuildConfiguration;
			buildSettings = {
				ASSETCATALOG_COMPILER_APPICON_NAME = AppIcon;
				ASSETCATALOG_COMPILER_LAUNCHIMAGE_NAME = LaunchImage;
				"CODE_SIGN_IDENTITY[sdk=iphoneos*]" = "iPhone Distribution: Ogilvy & Mather (Singapore) Pte Ltd";
				GCC_PRECOMPILE_PREFIX_HEADER = YES;
				GCC_PREFIX_HEADER = "Podcast/Podcast-Prefix.pch";
				HEADER_SEARCH_PATHS = "\"$(SDK_DIR)\"/usr/include/libxml2";
				INFOPLIST_FILE = "Podcast/Podcast-Info.plist";
				IPHONEOS_DEPLOYMENT_TARGET = 7.0;
				PRODUCT_NAME = ESLPod;
				WRAPPER_EXTENSION = app;
			};
			name = Release;
		};
		B9D16062177C0B9A00FE0061 /* Debug */ = {
			isa = XCBuildConfiguration;
			buildSettings = {
				BUNDLE_LOADER = "$(BUILT_PRODUCTS_DIR)/Podcast.app/Podcast";
				FRAMEWORK_SEARCH_PATHS = (
					"$(SDKROOT)/Developer/Library/Frameworks",
					"$(inherited)",
					"$(SYSTEM_APPS_DIR)/Xcode5-DP2.app/Contents/Developer/Library/Frameworks",
				);
				GCC_PRECOMPILE_PREFIX_HEADER = YES;
				GCC_PREFIX_HEADER = "Podcast/Podcast-Prefix.pch";
				GCC_PREPROCESSOR_DEFINITIONS = (
					"DEBUG=1",
					"$(inherited)",
				);
				INFOPLIST_FILE = "PodcastTests/PodcastTests-Info.plist";
				PRODUCT_NAME = "$(TARGET_NAME)";
				TEST_HOST = "$(BUNDLE_LOADER)";
				WRAPPER_EXTENSION = xctest;
			};
			name = Debug;
		};
		B9D16063177C0B9A00FE0061 /* Release */ = {
			isa = XCBuildConfiguration;
			buildSettings = {
				BUNDLE_LOADER = "$(BUILT_PRODUCTS_DIR)/Podcast.app/Podcast";
				FRAMEWORK_SEARCH_PATHS = (
					"$(SDKROOT)/Developer/Library/Frameworks",
					"$(inherited)",
					"$(SYSTEM_APPS_DIR)/Xcode5-DP2.app/Contents/Developer/Library/Frameworks",
				);
				GCC_PRECOMPILE_PREFIX_HEADER = YES;
				GCC_PREFIX_HEADER = "Podcast/Podcast-Prefix.pch";
				INFOPLIST_FILE = "PodcastTests/PodcastTests-Info.plist";
				PRODUCT_NAME = "$(TARGET_NAME)";
				TEST_HOST = "$(BUNDLE_LOADER)";
				WRAPPER_EXTENSION = xctest;
			};
			name = Release;
		};
/* End XCBuildConfiguration section */

/* Begin XCConfigurationList section */
		B9D16027177C0B9A00FE0061 /* Build configuration list for PBXProject "Podcast" */ = {
			isa = XCConfigurationList;
			buildConfigurations = (
				B9D1605C177C0B9A00FE0061 /* Debug */,
				B9D1605D177C0B9A00FE0061 /* Release */,
			);
			defaultConfigurationIsVisible = 0;
			defaultConfigurationName = Release;
		};
		B9D1605E177C0B9A00FE0061 /* Build configuration list for PBXNativeTarget "Podcast" */ = {
			isa = XCConfigurationList;
			buildConfigurations = (
				B9D1605F177C0B9A00FE0061 /* Debug */,
				B9D16060177C0B9A00FE0061 /* Release */,
			);
			defaultConfigurationIsVisible = 0;
			defaultConfigurationName = Release;
		};
		B9D16061177C0B9A00FE0061 /* Build configuration list for PBXNativeTarget "PodcastTests" */ = {
			isa = XCConfigurationList;
			buildConfigurations = (
				B9D16062177C0B9A00FE0061 /* Debug */,
				B9D16063177C0B9A00FE0061 /* Release */,
			);
			defaultConfigurationIsVisible = 0;
			defaultConfigurationName = Release;
		};
/* End XCConfigurationList section */

/* Begin XCVersionGroup section */
		DBA6C576178181290063F7B3 /* Podcast.xcdatamodeld */ = {
			isa = XCVersionGroup;
			children = (
				DBA6C577178181290063F7B3 /* Podcast.xcdatamodel */,
			);
			currentVersion = DBA6C577178181290063F7B3 /* Podcast.xcdatamodel */;
			path = Podcast.xcdatamodeld;
			sourceTree = "<group>";
			versionGroupType = wrapper.xcdatamodel;
		};
/* End XCVersionGroup section */
	};
	rootObject = B9D16024177C0B9A00FE0061 /* Project object */;
}
